// !$*UTF8*$!
{
	archiveVersion = 1;
	classes = {
	};
	objectVersion = 46;
	objects = {

/* Begin PBXBuildFile section */
		367BF4971D0568FA00F66593 /* AppDelegate.swift in Sources */ = {isa = PBXBuildFile; fileRef = 367BF4961D0568FA00F66593 /* AppDelegate.swift */; };
		367BF4991D0568FA00F66593 /* ViewController.swift in Sources */ = {isa = PBXBuildFile; fileRef = 367BF4981D0568FA00F66593 /* ViewController.swift */; };
		367BF49C1D0568FA00F66593 /* Main.storyboard in Resources */ = {isa = PBXBuildFile; fileRef = 367BF49A1D0568FA00F66593 /* Main.storyboard */; };
		367BF49E1D0568FA00F66593 /* Assets.xcassets in Resources */ = {isa = PBXBuildFile; fileRef = 367BF49D1D0568FA00F66593 /* Assets.xcassets */; };
		367BF4A11D0568FA00F66593 /* LaunchScreen.storyboard in Resources */ = {isa = PBXBuildFile; fileRef = 367BF49F1D0568FA00F66593 /* LaunchScreen.storyboard */; };
		367BF4AC1D0568FA00F66593 /* SampleMusicPlayerTests.swift in Sources */ = {isa = PBXBuildFile; fileRef = 367BF4AB1D0568FA00F66593 /* SampleMusicPlayerTests.swift */; };
		367BF4B71D0568FA00F66593 /* SampleMusicPlayerUITests.swift in Sources */ = {isa = PBXBuildFile; fileRef = 367BF4B61D0568FA00F66593 /* SampleMusicPlayerUITests.swift */; };
/* End PBXBuildFile section */

/* Begin PBXContainerItemProxy section */
		367BF4A81D0568FA00F66593 /* PBXContainerItemProxy */ = {
			isa = PBXContainerItemProxy;
			containerPortal = 367BF48B1D0568FA00F66593 /* Project object */;
			proxyType = 1;
			remoteGlobalIDString = 367BF4921D0568FA00F66593;
			remoteInfo = SampleMusicPlayer;
		};
		367BF4B31D0568FA00F66593 /* PBXContainerItemProxy */ = {
			isa = PBXContainerItemProxy;
			containerPortal = 367BF48B1D0568FA00F66593 /* Project object */;
			proxyType = 1;
			remoteGlobalIDString = 367BF4921D0568FA00F66593;
			remoteInfo = SampleMusicPlayer;
		};
/* End PBXContainerItemProxy section */

/* Begin PBXFileReference section */
		367BF4931D0568FA00F66593 /* SampleMusicPlayer.app */ = {isa = PBXFileReference; explicitFileType = wrapper.application; includeInIndex = 0; path = SampleMusicPlayer.app; sourceTree = BUILT_PRODUCTS_DIR; };
		367BF4961D0568FA00F66593 /* AppDelegate.swift */ = {isa = PBXFileReference; lastKnownFileType = sourcecode.swift; path = AppDelegate.swift; sourceTree = "<group>"; };
		367BF4981D0568FA00F66593 /* ViewController.swift */ = {isa = PBXFileReference; lastKnownFileType = sourcecode.swift; path = ViewController.swift; sourceTree = "<group>"; };
		367BF49B1D0568FA00F66593 /* Base */ = {isa = PBXFileReference; lastKnownFileType = file.storyboard; name = Base; path = Base.lproj/Main.storyboard; sourceTree = "<group>"; };
		367BF49D1D0568FA00F66593 /* Assets.xcassets */ = {isa = PBXFileReference; lastKnownFileType = folder.assetcatalog; path = Assets.xcassets; sourceTree = "<group>"; };
		367BF4A01D0568FA00F66593 /* Base */ = {isa = PBXFileReference; lastKnownFileType = file.storyboard; name = Base; path = Base.lproj/LaunchScreen.storyboard; sourceTree = "<group>"; };
		367BF4A21D0568FA00F66593 /* Info.plist */ = {isa = PBXFileReference; lastKnownFileType = text.plist.xml; path = Info.plist; sourceTree = "<group>"; };
		367BF4A71D0568FA00F66593 /* SampleMusicPlayerTests.xctest */ = {isa = PBXFileReference; explicitFileType = wrapper.cfbundle; includeInIndex = 0; path = SampleMusicPlayerTests.xctest; sourceTree = BUILT_PRODUCTS_DIR; };
		367BF4AB1D0568FA00F66593 /* SampleMusicPlayerTests.swift */ = {isa = PBXFileReference; lastKnownFileType = sourcecode.swift; path = SampleMusicPlayerTests.swift; sourceTree = "<group>"; };
		367BF4AD1D0568FA00F66593 /* Info.plist */ = {isa = PBXFileReference; lastKnownFileType = text.plist.xml; path = Info.plist; sourceTree = "<group>"; };
		367BF4B21D0568FA00F66593 /* SampleMusicPlayerUITests.xctest */ = {isa = PBXFileReference; explicitFileType = wrapper.cfbundle; includeInIndex = 0; path = SampleMusicPlayerUITests.xctest; sourceTree = BUILT_PRODUCTS_DIR; };
		367BF4B61D0568FA00F66593 /* SampleMusicPlayerUITests.swift */ = {isa = PBXFileReference; lastKnownFileType = sourcecode.swift; path = SampleMusicPlayerUITests.swift; sourceTree = "<group>"; };
		367BF4B81D0568FA00F66593 /* Info.plist */ = {isa = PBXFileReference; lastKnownFileType = text.plist.xml; path = Info.plist; sourceTree = "<group>"; };
/* End PBXFileReference section */

/* Begin PBXFrameworksBuildPhase section */
		367BF4901D0568FA00F66593 /* Frameworks */ = {
			isa = PBXFrameworksBuildPhase;
			buildActionMask = 2147483647;
			files = (
			);
			runOnlyForDeploymentPostprocessing = 0;
		};
		367BF4A41D0568FA00F66593 /* Frameworks */ = {
			isa = PBXFrameworksBuildPhase;
			buildActionMask = 2147483647;
			files = (
			);
			runOnlyForDeploymentPostprocessing = 0;
		};
		367BF4AF1D0568FA00F66593 /* Frameworks */ = {
			isa = PBXFrameworksBuildPhase;
			buildActionMask = 2147483647;
			files = (
			);
			runOnlyForDeploymentPostprocessing = 0;
		};
/* End PBXFrameworksBuildPhase section */

/* Begin PBXGroup section */
		367BF48A1D0568FA00F66593 = {
			isa = PBXGroup;
			children = (
				367BF4951D0568FA00F66593 /* SampleMusicPlayer */,
				367BF4AA1D0568FA00F66593 /* SampleMusicPlayerTests */,
				367BF4B51D0568FA00F66593 /* SampleMusicPlayerUITests */,
				367BF4941D0568FA00F66593 /* Products */,
			);
			sourceTree = "<group>";
		};
		367BF4941D0568FA00F66593 /* Products */ = {
			isa = PBXGroup;
			children = (
				367BF4931D0568FA00F66593 /* SampleMusicPlayer.app */,
				367BF4A71D0568FA00F66593 /* SampleMusicPlayerTests.xctest */,
				367BF4B21D0568FA00F66593 /* SampleMusicPlayerUITests.xctest */,
			);
			name = Products;
			sourceTree = "<group>";
		};
		367BF4951D0568FA00F66593 /* SampleMusicPlayer */ = {
			isa = PBXGroup;
			children = (
				367BF4961D0568FA00F66593 /* AppDelegate.swift */,
				367BF4981D0568FA00F66593 /* ViewController.swift */,
				367BF49A1D0568FA00F66593 /* Main.storyboard */,
				367BF49D1D0568FA00F66593 /* Assets.xcassets */,
				367BF49F1D0568FA00F66593 /* LaunchScreen.storyboard */,
				367BF4A21D0568FA00F66593 /* Info.plist */,
			);
			path = SampleMusicPlayer;
			sourceTree = "<group>";
		};
		367BF4AA1D0568FA00F66593 /* SampleMusicPlayerTests */ = {
			isa = PBXGroup;
			children = (
				367BF4AB1D0568FA00F66593 /* SampleMusicPlayerTests.swift */,
				367BF4AD1D0568FA00F66593 /* Info.plist */,
			);
			path = SampleMusicPlayerTests;
			sourceTree = "<group>";
		};
		367BF4B51D0568FA00F66593 /* SampleMusicPlayerUITests */ = {
			isa = PBXGroup;
			children = (
				367BF4B61D0568FA00F66593 /* SampleMusicPlayerUITests.swift */,
				367BF4B81D0568FA00F66593 /* Info.plist */,
			);
			path = SampleMusicPlayerUITests;
			sourceTree = "<group>";
		};
/* End PBXGroup section */

/* Begin PBXNativeTarget section */
		367BF4921D0568FA00F66593 /* SampleMusicPlayer */ = {
			isa = PBXNativeTarget;
			buildConfigurationList = 367BF4BB1D0568FA00F66593 /* Build configuration list for PBXNativeTarget "SampleMusicPlayer" */;
			buildPhases = (
				367BF48F1D0568FA00F66593 /* Sources */,
				367BF4901D0568FA00F66593 /* Frameworks */,
				367BF4911D0568FA00F66593 /* Resources */,
			);
			buildRules = (
			);
			dependencies = (
			);
			name = SampleMusicPlayer;
			productName = SampleMusicPlayer;
			productReference = 367BF4931D0568FA00F66593 /* SampleMusicPlayer.app */;
			productType = "com.apple.product-type.application";
		};
		367BF4A61D0568FA00F66593 /* SampleMusicPlayerTests */ = {
			isa = PBXNativeTarget;
			buildConfigurationList = 367BF4BE1D0568FA00F66593 /* Build configuration list for PBXNativeTarget "SampleMusicPlayerTests" */;
			buildPhases = (
				367BF4A31D0568FA00F66593 /* Sources */,
				367BF4A41D0568FA00F66593 /* Frameworks */,
				367BF4A51D0568FA00F66593 /* Resources */,
			);
			buildRules = (
			);
			dependencies = (
				367BF4A91D0568FA00F66593 /* PBXTargetDependency */,
			);
			name = SampleMusicPlayerTests;
			productName = SampleMusicPlayerTests;
			productReference = 367BF4A71D0568FA00F66593 /* SampleMusicPlayerTests.xctest */;
			productType = "com.apple.product-type.bundle.unit-test";
		};
		367BF4B11D0568FA00F66593 /* SampleMusicPlayerUITests */ = {
			isa = PBXNativeTarget;
			buildConfigurationList = 367BF4C11D0568FA00F66593 /* Build configuration list for PBXNativeTarget "SampleMusicPlayerUITests" */;
			buildPhases = (
				367BF4AE1D0568FA00F66593 /* Sources */,
				367BF4AF1D0568FA00F66593 /* Frameworks */,
				367BF4B01D0568FA00F66593 /* Resources */,
			);
			buildRules = (
			);
			dependencies = (
				367BF4B41D0568FA00F66593 /* PBXTargetDependency */,
			);
			name = SampleMusicPlayerUITests;
			productName = SampleMusicPlayerUITests;
			productReference = 367BF4B21D0568FA00F66593 /* SampleMusicPlayerUITests.xctest */;
			productType = "com.apple.product-type.bundle.ui-testing";
		};
/* End PBXNativeTarget section */

/* Begin PBXProject section */
		367BF48B1D0568FA00F66593 /* Project object */ = {
			isa = PBXProject;
			attributes = {
				LastSwiftUpdateCheck = 0730;
				LastUpgradeCheck = 0730;
				ORGANIZATIONNAME = "Than Dang";
				TargetAttributes = {
					367BF4921D0568FA00F66593 = {
						CreatedOnToolsVersion = 7.3.1;
					};
					367BF4A61D0568FA00F66593 = {
						CreatedOnToolsVersion = 7.3.1;
						TestTargetID = 367BF4921D0568FA00F66593;
					};
					367BF4B11D0568FA00F66593 = {
						CreatedOnToolsVersion = 7.3.1;
						TestTargetID = 367BF4921D0568FA00F66593;
					};
				};
			};
			buildConfigurationList = 367BF48E1D0568FA00F66593 /* Build configuration list for PBXProject "SampleMusicPlayer" */;
			compatibilityVersion = "Xcode 3.2";
			developmentRegion = English;
			hasScannedForEncodings = 0;
			knownRegions = (
				en,
				Base,
			);
			mainGroup = 367BF48A1D0568FA00F66593;
			productRefGroup = 367BF4941D0568FA00F66593 /* Products */;
			projectDirPath = "";
			projectRoot = "";
			targets = (
				367BF4921D0568FA00F66593 /* SampleMusicPlayer */,
				367BF4A61D0568FA00F66593 /* SampleMusicPlayerTests */,
				367BF4B11D0568FA00F66593 /* SampleMusicPlayerUITests */,
			);
		};
/* End PBXProject section */

/* Begin PBXResourcesBuildPhase section */
		367BF4911D0568FA00F66593 /* Resources */ = {
			isa = PBXResourcesBuildPhase;
			buildActionMask = 2147483647;
			files = (
				367BF4A11D0568FA00F66593 /* LaunchScreen.storyboard in Resources */,
				367BF49E1D0568FA00F66593 /* Assets.xcassets in Resources */,
				367BF49C1D0568FA00F66593 /* Main.storyboard in Resources */,
			);
			runOnlyForDeploymentPostprocessing = 0;
		};
		367BF4A51D0568FA00F66593 /* Resources */ = {
			isa = PBXResourcesBuildPhase;
			buildActionMask = 2147483647;
			files = (
			);
			runOnlyForDeploymentPostprocessing = 0;
		};
		367BF4B01D0568FA00F66593 /* Resources */ = {
			isa = PBXResourcesBuildPhase;
			buildActionMask = 2147483647;
			files = (
			);
			runOnlyForDeploymentPostprocessing = 0;
		};
/* End PBXResourcesBuildPhase section */

/* Begin PBXSourcesBuildPhase section */
		367BF48F1D0568FA00F66593 /* Sources */ = {
			isa = PBXSourcesBuildPhase;
			buildActionMask = 2147483647;
			files = (
				367BF4991D0568FA00F66593 /* ViewController.swift in Sources */,
				367BF4971D0568FA00F66593 /* AppDelegate.swift in Sources */,
			);
			runOnlyForDeploymentPostprocessing = 0;
		};
		367BF4A31D0568FA00F66593 /* Sources */ = {
			isa = PBXSourcesBuildPhase;
			buildActionMask = 2147483647;
			files = (
				367BF4AC1D0568FA00F66593 /* SampleMusicPlayerTests.swift in Sources */,
			);
			runOnlyForDeploymentPostprocessing = 0;
		};
		367BF4AE1D0568FA00F66593 /* Sources */ = {
			isa = PBXSourcesBuildPhase;
			buildActionMask = 2147483647;
			files = (
				367BF4B71D0568FA00F66593 /* SampleMusicPlayerUITests.swift in Sources */,
			);
			runOnlyForDeploymentPostprocessing = 0;
		};
/* End PBXSourcesBuildPhase section */

/* Begin PBXTargetDependency section */
		367BF4A91D0568FA00F66593 /* PBXTargetDependency */ = {
			isa = PBXTargetDependency;
			target = 367BF4921D0568FA00F66593 /* SampleMusicPlayer */;
			targetProxy = 367BF4A81D0568FA00F66593 /* PBXContainerItemProxy */;
		};
		367BF4B41D0568FA00F66593 /* PBXTargetDependency */ = {
			isa = PBXTargetDependency;
			target = 367BF4921D0568FA00F66593 /* SampleMusicPlayer */;
			targetProxy = 367BF4B31D0568FA00F66593 /* PBXContainerItemProxy */;
		};
/* End PBXTargetDependency section */

/* Begin PBXVariantGroup section */
		367BF49A1D0568FA00F66593 /* Main.storyboard */ = {
			isa = PBXVariantGroup;
			children = (
				367BF49B1D0568FA00F66593 /* Base */,
			);
			name = Main.storyboard;
			sourceTree = "<group>";
		};
		367BF49F1D0568FA00F66593 /* LaunchScreen.storyboard */ = {
			isa = PBXVariantGroup;
			children = (
				367BF4A01D0568FA00F66593 /* Base */,
			);
			name = LaunchScreen.storyboard;
			sourceTree = "<group>";
		};
/* End PBXVariantGroup section */

/* Begin XCBuildConfiguration section */
		367BF4B91D0568FA00F66593 /* Debug */ = {
			isa = XCBuildConfiguration;
			buildSettings = {
				ALWAYS_SEARCH_USER_PATHS = NO;
				CLANG_ANALYZER_NONNULL = YES;
				CLANG_CXX_LANGUAGE_STANDARD = "gnu++0x";
				CLANG_CXX_LIBRARY = "libc++";
				CLANG_ENABLE_MODULES = YES;
				CLANG_ENABLE_OBJC_ARC = YES;
				CLANG_WARN_BOOL_CONVERSION = YES;
				CLANG_WARN_CONSTANT_CONVERSION = YES;
				CLANG_WARN_DIRECT_OBJC_ISA_USAGE = YES_ERROR;
				CLANG_WARN_EMPTY_BODY = YES;
				CLANG_WARN_ENUM_CONVERSION = YES;
				CLANG_WARN_INT_CONVERSION = YES;
				CLANG_WARN_OBJC_ROOT_CLASS = YES_ERROR;
				CLANG_WARN_UNREACHABLE_CODE = YES;
				CLANG_WARN__DUPLICATE_METHOD_MATCH = YES;
				"CODE_SIGN_IDENTITY[sdk=iphoneos*]" = "iPhone Developer";
				COPY_PHASE_STRIP = NO;
				DEBUG_INFORMATION_FORMAT = dwarf;
				ENABLE_STRICT_OBJC_MSGSEND = YES;
				ENABLE_TESTABILITY = YES;
				GCC_C_LANGUAGE_STANDARD = gnu99;
				GCC_DYNAMIC_NO_PIC = NO;
				GCC_NO_COMMON_BLOCKS = YES;
				GCC_OPTIMIZATION_LEVEL = 0;
				GCC_PREPROCESSOR_DEFINITIONS = (
					"DEBUG=1",
					"$(inherited)",
				);
				GCC_WARN_64_TO_32_BIT_CONVERSION = YES;
				GCC_WARN_ABOUT_RETURN_TYPE = YES_ERROR;
				GCC_WARN_UNDECLARED_SELECTOR = YES;
				GCC_WARN_UNINITIALIZED_AUTOS = YES_AGGRESSIVE;
				GCC_WARN_UNUSED_FUNCTION = YES;
				GCC_WARN_UNUSED_VARIABLE = YES;
				IPHONEOS_DEPLOYMENT_TARGET = 9.3;
				MTL_ENABLE_DEBUG_INFO = YES;
				ONLY_ACTIVE_ARCH = YES;
				SDKROOT = iphoneos;
				SWIFT_OPTIMIZATION_LEVEL = "-Onone";
				TARGETED_DEVICE_FAMILY = "1,2";
			};
			name = Debug;
		};
		367BF4BA1D0568FA00F66593 /* Release */ = {
			isa = XCBuildConfiguration;
			buildSettings = {
				ALWAYS_SEARCH_USER_PATHS = NO;
				CLANG_ANALYZER_NONNULL = YES;
				CLANG_CXX_LANGUAGE_STANDARD = "gnu++0x";
				CLANG_CXX_LIBRARY = "libc++";
				CLANG_ENABLE_MODULES = YES;
				CLANG_ENABLE_OBJC_ARC = YES;
				CLANG_WARN_BOOL_CONVERSION = YES;
				CLANG_WARN_CONSTANT_CONVERSION = YES;
				CLANG_WARN_DIRECT_OBJC_ISA_USAGE = YES_ERROR;
				CLANG_WARN_EMPTY_BODY = YES;
				CLANG_WARN_ENUM_CONVERSION = YES;
				CLANG_WARN_INT_CONVERSION = YES;
				CLANG_WARN_OBJC_ROOT_CLASS = YES_ERROR;
				CLANG_WARN_UNREACHABLE_CODE = YES;
				CLANG_WARN__DUPLICATE_METHOD_MATCH = YES;
				"CODE_SIGN_IDENTITY[sdk=iphoneos*]" = "iPhone Developer";
				COPY_PHASE_STRIP = NO;
				DEBUG_INFORMATION_FORMAT = "dwarf-with-dsym";
				ENABLE_NS_ASSERTIONS = NO;
				ENABLE_STRICT_OBJC_MSGSEND = YES;
				GCC_C_LANGUAGE_STANDARD = gnu99;
				GCC_NO_COMMON_BLOCKS = YES;
				GCC_WARN_64_TO_32_BIT_CONVERSION = YES;
				GCC_WARN_ABOUT_RETURN_TYPE = YES_ERROR;
				GCC_WARN_UNDECLARED_SELECTOR = YES;
				GCC_WARN_UNINITIALIZED_AUTOS = YES_AGGRESSIVE;
				GCC_WARN_UNUSED_FUNCTION = YES;
				GCC_WARN_UNUSED_VARIABLE = YES;
				IPHONEOS_DEPLOYMENT_TARGET = 9.3;
				MTL_ENABLE_DEBUG_INFO = NO;
				SDKROOT = iphoneos;
				TARGETED_DEVICE_FAMILY = "1,2";
				VALIDATE_PRODUCT = YES;
			};
			name = Release;
		};
		367BF4BC1D0568FA00F66593 /* Debug */ = {
			isa = XCBuildConfiguration;
			buildSettings = {
				ASSETCATALOG_COMPILER_APPICON_NAME = AppIcon;
				INFOPLIST_FILE = SampleMusicPlayer/Info.plist;
				LD_RUNPATH_SEARCH_PATHS = "$(inherited) @executable_path/Frameworks";
				PRODUCT_BUNDLE_IDENTIFIER = com.elinext.SampleMusicPlayer;
				PRODUCT_NAME = "$(TARGET_NAME)";
			};
			name = Debug;
		};
		367BF4BD1D0568FA00F66593 /* Release */ = {
			isa = XCBuildConfiguration;
			buildSettings = {
				ASSETCATALOG_COMPILER_APPICON_NAME = AppIcon;
				INFOPLIST_FILE = SampleMusicPlayer/Info.plist;
				LD_RUNPATH_SEARCH_PATHS = "$(inherited) @executable_path/Frameworks";
				PRODUCT_BUNDLE_IDENTIFIER = com.elinext.SampleMusicPlayer;
				PRODUCT_NAME = "$(TARGET_NAME)";
			};
			name = Release;
		};
		367BF4BF1D0568FA00F66593 /* Debug */ = {
			isa = XCBuildConfiguration;
			buildSettings = {
				BUNDLE_LOADER = "$(TEST_HOST)";
				INFOPLIST_FILE = SampleMusicPlayerTests/Info.plist;
				LD_RUNPATH_SEARCH_PATHS = "$(inherited) @executable_path/Frameworks @loader_path/Frameworks";
				PRODUCT_BUNDLE_IDENTIFIER = com.elinext.SampleMusicPlayerTests;
				PRODUCT_NAME = "$(TARGET_NAME)";
				TEST_HOST = "$(BUILT_PRODUCTS_DIR)/SampleMusicPlayer.app/SampleMusicPlayer";
			};
			name = Debug;
		};
		367BF4C01D0568FA00F66593 /* Release */ = {
			isa = XCBuildConfiguration;
			buildSettings = {
				BUNDLE_LOADER = "$(TEST_HOST)";
				INFOPLIST_FILE = SampleMusicPlayerTests/Info.plist;
				LD_RUNPATH_SEARCH_PATHS = "$(inherited) @executable_path/Frameworks @loader_path/Frameworks";
				PRODUCT_BUNDLE_IDENTIFIER = com.elinext.SampleMusicPlayerTests;
				PRODUCT_NAME = "$(TARGET_NAME)";
				TEST_HOST = "$(BUILT_PRODUCTS_DIR)/SampleMusicPlayer.app/SampleMusicPlayer";
			};
			name = Release;
		};
		367BF4C21D0568FA00F66593 /* Debug */ = {
			isa = XCBuildConfiguration;
			buildSettings = {
				INFOPLIST_FILE = SampleMusicPlayerUITests/Info.plist;
				LD_RUNPATH_SEARCH_PATHS = "$(inherited) @executable_path/Frameworks @loader_path/Frameworks";
				PRODUCT_BUNDLE_IDENTIFIER = com.elinext.SampleMusicPlayerUITests;
				PRODUCT_NAME = "$(TARGET_NAME)";
				TEST_TARGET_NAME = SampleMusicPlayer;
			};
			name = Debug;
		};
		367BF4C31D0568FA00F66593 /* Release */ = {
			isa = XCBuildConfiguration;
			buildSettings = {
				INFOPLIST_FILE = SampleMusicPlayerUITests/Info.plist;
				LD_RUNPATH_SEARCH_PATHS = "$(inherited) @executable_path/Frameworks @loader_path/Frameworks";
				PRODUCT_BUNDLE_IDENTIFIER = com.elinext.SampleMusicPlayerUITests;
				PRODUCT_NAME = "$(TARGET_NAME)";
				TEST_TARGET_NAME = SampleMusicPlayer;
			};
			name = Release;
		};
/* End XCBuildConfiguration section */

/* Begin XCConfigurationList section */
		367BF48E1D0568FA00F66593 /* Build configuration list for PBXProject "SampleMusicPlayer" */ = {
			isa = XCConfigurationList;
			buildConfigurations = (
				367BF4B91D0568FA00F66593 /* Debug */,
				367BF4BA1D0568FA00F66593 /* Release */,
			);
			defaultConfigurationIsVisible = 0;
			defaultConfigurationName = Release;
		};
		367BF4BB1D0568FA00F66593 /* Build configuration list for PBXNativeTarget "SampleMusicPlayer" */ = {
			isa = XCConfigurationList;
			buildConfigurations = (
				367BF4BC1D0568FA00F66593 /* Debug */,
				367BF4BD1D0568FA00F66593 /* Release */,
			);
			defaultConfigurationIsVisible = 0;
		};
		367BF4BE1D0568FA00F66593 /* Build configuration list for PBXNativeTarget "SampleMusicPlayerTests" */ = {
			isa = XCConfigurationList;
			buildConfigurations = (
				367BF4BF1D0568FA00F66593 /* Debug */,
				367BF4C01D0568FA00F66593 /* Release */,
			);
			defaultConfigurationIsVisible = 0;
		};
		367BF4C11D0568FA00F66593 /* Build configuration list for PBXNativeTarget "SampleMusicPlayerUITests" */ = {
			isa = XCConfigurationList;
			buildConfigurations = (
				367BF4C21D0568FA00F66593 /* Debug */,
				367BF4C31D0568FA00F66593 /* Release */,
			);
			defaultConfigurationIsVisible = 0;
		};
/* End XCConfigurationList section */
	};
	rootObject = 367BF48B1D0568FA00F66593 /* Project object */;
}
