// !$*UTF8*$!
{
	archiveVersion = 1;
	classes = {
	};
	objectVersion = 46;
	objects = {

/* Begin PBXBuildFile section */
		3641204C1D126BFB00AFBF22 /* block_16.png in Resources */ = {isa = PBXBuildFile; fileRef = 364120491D126BFB00AFBF22 /* block_16.png */; };
		3641204D1D126BFB00AFBF22 /* block_32.png in Resources */ = {isa = PBXBuildFile; fileRef = 3641204A1D126BFB00AFBF22 /* block_32.png */; };
		3641204E1D126BFB00AFBF22 /* block_64.png in Resources */ = {isa = PBXBuildFile; fileRef = 3641204B1D126BFB00AFBF22 /* block_64.png */; };
		364120531D12939C00AFBF22 /* BlockShader.swift in Sources */ = {isa = PBXBuildFile; fileRef = 364120521D12939C00AFBF22 /* BlockShader.swift */; };
		364120551D1293AD00AFBF22 /* ShaderProcessor.swift in Sources */ = {isa = PBXBuildFile; fileRef = 364120541D1293AD00AFBF22 /* ShaderProcessor.swift */; };
		3641205D1D129B5B00AFBF22 /* OpenGLES+Extension.swift in Sources */ = {isa = PBXBuildFile; fileRef = 3641205C1D129B5B00AFBF22 /* OpenGLES+Extension.swift */; };
		364120601D12C11D00AFBF22 /* BlockObject.swift in Sources */ = {isa = PBXBuildFile; fileRef = 3641205F1D12C11D00AFBF22 /* BlockObject.swift */; };
		366209791D0E7AAA003E120D /* Basic_Beat.wav in Resources */ = {isa = PBXBuildFile; fileRef = 366209771D0E7AAA003E120D /* Basic_Beat.wav */; };
		3662097A1D0E7AAA003E120D /* Fill.wav in Resources */ = {isa = PBXBuildFile; fileRef = 366209781D0E7AAA003E120D /* Fill.wav */; };
		366B56031D0699FB00C3B2B8 /* Samba-drum-beat-115-bpm.wav in Resources */ = {isa = PBXBuildFile; fileRef = 366B56021D0699FB00C3B2B8 /* Samba-drum-beat-115-bpm.wav */; };
		366B56061D06A8B300C3B2B8 /* CoreAudio.framework in Frameworks */ = {isa = PBXBuildFile; fileRef = 366B56051D06A8B300C3B2B8 /* CoreAudio.framework */; };
		366B56081D06A9BB00C3B2B8 /* AVFoundation.framework in Frameworks */ = {isa = PBXBuildFile; fileRef = 366B56071D06A9BB00C3B2B8 /* AVFoundation.framework */; };
		366B562D1D06AE2D00C3B2B8 /* EZAudio.m in Sources */ = {isa = PBXBuildFile; fileRef = 366B560B1D06AE2D00C3B2B8 /* EZAudio.m */; };
		366B562E1D06AE2D00C3B2B8 /* EZAudioDevice.m in Sources */ = {isa = PBXBuildFile; fileRef = 366B560D1D06AE2D00C3B2B8 /* EZAudioDevice.m */; };
		366B562F1D06AE2D00C3B2B8 /* EZAudioDisplayLink.m in Sources */ = {isa = PBXBuildFile; fileRef = 366B560F1D06AE2D00C3B2B8 /* EZAudioDisplayLink.m */; };
		366B56301D06AE2D00C3B2B8 /* EZAudioFFT.m in Sources */ = {isa = PBXBuildFile; fileRef = 366B56111D06AE2D00C3B2B8 /* EZAudioFFT.m */; };
		366B56311D06AE2D00C3B2B8 /* EZAudioFile.m in Sources */ = {isa = PBXBuildFile; fileRef = 366B56131D06AE2D00C3B2B8 /* EZAudioFile.m */; };
		366B56321D06AE2D00C3B2B8 /* EZAudioFloatConverter.m in Sources */ = {isa = PBXBuildFile; fileRef = 366B56151D06AE2D00C3B2B8 /* EZAudioFloatConverter.m */; };
		366B56331D06AE2D00C3B2B8 /* EZAudioFloatData.m in Sources */ = {isa = PBXBuildFile; fileRef = 366B56171D06AE2D00C3B2B8 /* EZAudioFloatData.m */; };
		366B56341D06AE2D00C3B2B8 /* EZAudioPlayer.m in Sources */ = {isa = PBXBuildFile; fileRef = 366B561B1D06AE2D00C3B2B8 /* EZAudioPlayer.m */; };
		366B56351D06AE2D00C3B2B8 /* EZAudioPlot.m in Sources */ = {isa = PBXBuildFile; fileRef = 366B561D1D06AE2D00C3B2B8 /* EZAudioPlot.m */; };
		366B56361D06AE2D00C3B2B8 /* EZAudioPlotGL.m in Sources */ = {isa = PBXBuildFile; fileRef = 366B561F1D06AE2D00C3B2B8 /* EZAudioPlotGL.m */; };
		366B56371D06AE2D00C3B2B8 /* EZAudioUtilities.m in Sources */ = {isa = PBXBuildFile; fileRef = 366B56211D06AE2D00C3B2B8 /* EZAudioUtilities.m */; };
		366B56381D06AE2D00C3B2B8 /* EZMicrophone.m in Sources */ = {isa = PBXBuildFile; fileRef = 366B56231D06AE2D00C3B2B8 /* EZMicrophone.m */; };
		366B56391D06AE2D00C3B2B8 /* EZOutput.m in Sources */ = {isa = PBXBuildFile; fileRef = 366B56251D06AE2D00C3B2B8 /* EZOutput.m */; };
		366B563A1D06AE2D00C3B2B8 /* EZPlot.m in Sources */ = {isa = PBXBuildFile; fileRef = 366B56271D06AE2D00C3B2B8 /* EZPlot.m */; };
		366B563B1D06AE2D00C3B2B8 /* EZRecorder.m in Sources */ = {isa = PBXBuildFile; fileRef = 366B56291D06AE2D00C3B2B8 /* EZRecorder.m */; };
		366B563C1D06AE2D00C3B2B8 /* Info.plist in Resources */ = {isa = PBXBuildFile; fileRef = 366B562A1D06AE2D00C3B2B8 /* Info.plist */; };
		366B563D1D06AE2D00C3B2B8 /* TPCircularBuffer.c in Sources */ = {isa = PBXBuildFile; fileRef = 366B562B1D06AE2D00C3B2B8 /* TPCircularBuffer.c */; };
		366B56401D06BC3500C3B2B8 /* AudioDisplayLink.swift in Sources */ = {isa = PBXBuildFile; fileRef = 366B563F1D06BC3500C3B2B8 /* AudioDisplayLink.swift */; };
		366B56431D06C46300C3B2B8 /* AudioPlotView.swift in Sources */ = {isa = PBXBuildFile; fileRef = 366B56421D06C46300C3B2B8 /* AudioPlotView.swift */; };
		366B56441D06D75900C3B2B8 /* OpenGLES.framework in Frameworks */ = {isa = PBXBuildFile; fileRef = 367BF4CA1D05691700F66593 /* OpenGLES.framework */; };
		366B56461D06DD0600C3B2B8 /* AudioPlayer.swift in Sources */ = {isa = PBXBuildFile; fileRef = 366B56451D06DD0600C3B2B8 /* AudioPlayer.swift */; };
		366B56481D06E1A800C3B2B8 /* AudioOutput.swift in Sources */ = {isa = PBXBuildFile; fileRef = 366B56471D06E1A800C3B2B8 /* AudioOutput.swift */; };
		366B564A1D06E38F00C3B2B8 /* AudioFileManager.swift in Sources */ = {isa = PBXBuildFile; fileRef = 366B56491D06E38F00C3B2B8 /* AudioFileManager.swift */; };
		367BF4971D0568FA00F66593 /* AppDelegate.swift in Sources */ = {isa = PBXBuildFile; fileRef = 367BF4961D0568FA00F66593 /* AppDelegate.swift */; };
		367BF4991D0568FA00F66593 /* ViewController.swift in Sources */ = {isa = PBXBuildFile; fileRef = 367BF4981D0568FA00F66593 /* ViewController.swift */; };
		367BF49C1D0568FA00F66593 /* Main.storyboard in Resources */ = {isa = PBXBuildFile; fileRef = 367BF49A1D0568FA00F66593 /* Main.storyboard */; };
		367BF49E1D0568FA00F66593 /* Assets.xcassets in Resources */ = {isa = PBXBuildFile; fileRef = 367BF49D1D0568FA00F66593 /* Assets.xcassets */; };
		367BF4A11D0568FA00F66593 /* LaunchScreen.storyboard in Resources */ = {isa = PBXBuildFile; fileRef = 367BF49F1D0568FA00F66593 /* LaunchScreen.storyboard */; };
		367BF4AC1D0568FA00F66593 /* SampleMusicPlayerTests.swift in Sources */ = {isa = PBXBuildFile; fileRef = 367BF4AB1D0568FA00F66593 /* SampleMusicPlayerTests.swift */; };
		367BF4B71D0568FA00F66593 /* SampleMusicPlayerUITests.swift in Sources */ = {isa = PBXBuildFile; fileRef = 367BF4B61D0568FA00F66593 /* SampleMusicPlayerUITests.swift */; };
		367BF4C51D05690800F66593 /* UIKit.framework in Frameworks */ = {isa = PBXBuildFile; fileRef = 367BF4C41D05690800F66593 /* UIKit.framework */; };
		367BF4C71D05690E00F66593 /* QuartzCore.framework in Frameworks */ = {isa = PBXBuildFile; fileRef = 367BF4C61D05690E00F66593 /* QuartzCore.framework */; };
		367BF4C91D05691200F66593 /* CoreGraphics.framework in Frameworks */ = {isa = PBXBuildFile; fileRef = 367BF4C81D05691200F66593 /* CoreGraphics.framework */; };
		367BF4CD1D05691C00F66593 /* Foundation.framework in Frameworks */ = {isa = PBXBuildFile; fileRef = 367BF4CC1D05691C00F66593 /* Foundation.framework */; };
		367BF4D51D056F1A00F66593 /* Utils.swift in Sources */ = {isa = PBXBuildFile; fileRef = 367BF4D41D056F1A00F66593 /* Utils.swift */; };
		368E8EB31D1028DF002A87C8 /* winamp.wav in Resources */ = {isa = PBXBuildFile; fileRef = 368E8EB21D1028DF002A87C8 /* winamp.wav */; };
		369770A11D0964A800988AB6 /* AudioFloatConverter.swift in Sources */ = {isa = PBXBuildFile; fileRef = 369770A01D0964A800988AB6 /* AudioFloatConverter.swift */; };
/* End PBXBuildFile section */

/* Begin PBXContainerItemProxy section */
		367BF4A81D0568FA00F66593 /* PBXContainerItemProxy */ = {
			isa = PBXContainerItemProxy;
			containerPortal = 367BF48B1D0568FA00F66593 /* Project object */;
			proxyType = 1;
			remoteGlobalIDString = 367BF4921D0568FA00F66593;
			remoteInfo = SampleMusicPlayer;
		};
		367BF4B31D0568FA00F66593 /* PBXContainerItemProxy */ = {
			isa = PBXContainerItemProxy;
			containerPortal = 367BF48B1D0568FA00F66593 /* Project object */;
			proxyType = 1;
			remoteGlobalIDString = 367BF4921D0568FA00F66593;
			remoteInfo = SampleMusicPlayer;
		};
/* End PBXContainerItemProxy section */

/* Begin PBXFileReference section */
		364120491D126BFB00AFBF22 /* block_16.png */ = {isa = PBXFileReference; lastKnownFileType = image.png; name = block_16.png; path = ../../../../../Desktop/block_16.png; sourceTree = "<group>"; };
		3641204A1D126BFB00AFBF22 /* block_32.png */ = {isa = PBXFileReference; lastKnownFileType = image.png; name = block_32.png; path = ../../../../../Desktop/block_32.png; sourceTree = "<group>"; };
		3641204B1D126BFB00AFBF22 /* block_64.png */ = {isa = PBXFileReference; lastKnownFileType = image.png; name = block_64.png; path = ../../../../../Desktop/block_64.png; sourceTree = "<group>"; };
		3641204F1D127EFB00AFBF22 /* Block.vsh */ = {isa = PBXFileReference; explicitFileType = sourcecode.glsl; name = Block.vsh; path = Shader/Block.vsh; sourceTree = "<group>"; };
		364120511D127F7400AFBF22 /* Block.fsh */ = {isa = PBXFileReference; explicitFileType = sourcecode.glsl; name = Block.fsh; path = Shader/Block.fsh; sourceTree = "<group>"; };
		364120521D12939C00AFBF22 /* BlockShader.swift */ = {isa = PBXFileReference; fileEncoding = 4; lastKnownFileType = sourcecode.swift; name = BlockShader.swift; path = Shader/BlockShader.swift; sourceTree = "<group>"; };
		364120541D1293AD00AFBF22 /* ShaderProcessor.swift */ = {isa = PBXFileReference; fileEncoding = 4; lastKnownFileType = sourcecode.swift; name = ShaderProcessor.swift; path = Shader/ShaderProcessor.swift; sourceTree = "<group>"; };
		3641205C1D129B5B00AFBF22 /* OpenGLES+Extension.swift */ = {isa = PBXFileReference; fileEncoding = 4; lastKnownFileType = sourcecode.swift; name = "OpenGLES+Extension.swift"; path = "Utils/OpenGLES+Extension.swift"; sourceTree = "<group>"; };
		3641205F1D12C11D00AFBF22 /* BlockObject.swift */ = {isa = PBXFileReference; fileEncoding = 4; lastKnownFileType = sourcecode.swift; name = BlockObject.swift; path = Components/BlockObject.swift; sourceTree = "<group>"; };
		366209771D0E7AAA003E120D /* Basic_Beat.wav */ = {isa = PBXFileReference; lastKnownFileType = audio.wav; name = Basic_Beat.wav; path = Resources/Basic_Beat.wav; sourceTree = "<group>"; };
		366209781D0E7AAA003E120D /* Fill.wav */ = {isa = PBXFileReference; lastKnownFileType = audio.wav; name = Fill.wav; path = Resources/Fill.wav; sourceTree = "<group>"; };
		366B56021D0699FB00C3B2B8 /* Samba-drum-beat-115-bpm.wav */ = {isa = PBXFileReference; lastKnownFileType = audio.wav; name = "Samba-drum-beat-115-bpm.wav"; path = "Resources/Samba-drum-beat-115-bpm.wav"; sourceTree = "<group>"; };
		366B56051D06A8B300C3B2B8 /* CoreAudio.framework */ = {isa = PBXFileReference; lastKnownFileType = wrapper.framework; name = CoreAudio.framework; path = System/Library/Frameworks/CoreAudio.framework; sourceTree = SDKROOT; };
		366B56071D06A9BB00C3B2B8 /* AVFoundation.framework */ = {isa = PBXFileReference; lastKnownFileType = wrapper.framework; name = AVFoundation.framework; path = System/Library/Frameworks/AVFoundation.framework; sourceTree = SDKROOT; };
		366B56091D06AE2D00C3B2B8 /* SampleMusicPlayer-Bridging-Header.h */ = {isa = PBXFileReference; lastKnownFileType = sourcecode.c.h; path = "SampleMusicPlayer-Bridging-Header.h"; sourceTree = "<group>"; };
		366B560A1D06AE2D00C3B2B8 /* EZAudio.h */ = {isa = PBXFileReference; fileEncoding = 4; lastKnownFileType = sourcecode.c.h; name = EZAudio.h; path = Libs/EZAudio/EZAudio.h; sourceTree = "<group>"; };
		366B560B1D06AE2D00C3B2B8 /* EZAudio.m */ = {isa = PBXFileReference; fileEncoding = 4; lastKnownFileType = sourcecode.c.objc; name = EZAudio.m; path = Libs/EZAudio/EZAudio.m; sourceTree = "<group>"; };
		366B560C1D06AE2D00C3B2B8 /* EZAudioDevice.h */ = {isa = PBXFileReference; fileEncoding = 4; lastKnownFileType = sourcecode.c.h; name = EZAudioDevice.h; path = Libs/EZAudio/EZAudioDevice.h; sourceTree = "<group>"; };
		366B560D1D06AE2D00C3B2B8 /* EZAudioDevice.m */ = {isa = PBXFileReference; fileEncoding = 4; lastKnownFileType = sourcecode.c.objc; name = EZAudioDevice.m; path = Libs/EZAudio/EZAudioDevice.m; sourceTree = "<group>"; };
		366B560E1D06AE2D00C3B2B8 /* EZAudioDisplayLink.h */ = {isa = PBXFileReference; fileEncoding = 4; lastKnownFileType = sourcecode.c.h; name = EZAudioDisplayLink.h; path = Libs/EZAudio/EZAudioDisplayLink.h; sourceTree = "<group>"; };
		366B560F1D06AE2D00C3B2B8 /* EZAudioDisplayLink.m */ = {isa = PBXFileReference; fileEncoding = 4; lastKnownFileType = sourcecode.c.objc; name = EZAudioDisplayLink.m; path = Libs/EZAudio/EZAudioDisplayLink.m; sourceTree = "<group>"; };
		366B56101D06AE2D00C3B2B8 /* EZAudioFFT.h */ = {isa = PBXFileReference; fileEncoding = 4; lastKnownFileType = sourcecode.c.h; name = EZAudioFFT.h; path = Libs/EZAudio/EZAudioFFT.h; sourceTree = "<group>"; };
		366B56111D06AE2D00C3B2B8 /* EZAudioFFT.m */ = {isa = PBXFileReference; fileEncoding = 4; lastKnownFileType = sourcecode.c.objc; name = EZAudioFFT.m; path = Libs/EZAudio/EZAudioFFT.m; sourceTree = "<group>"; };
		366B56121D06AE2D00C3B2B8 /* EZAudioFile.h */ = {isa = PBXFileReference; fileEncoding = 4; lastKnownFileType = sourcecode.c.h; name = EZAudioFile.h; path = Libs/EZAudio/EZAudioFile.h; sourceTree = "<group>"; };
		366B56131D06AE2D00C3B2B8 /* EZAudioFile.m */ = {isa = PBXFileReference; fileEncoding = 4; lastKnownFileType = sourcecode.c.objc; name = EZAudioFile.m; path = Libs/EZAudio/EZAudioFile.m; sourceTree = "<group>"; };
		366B56141D06AE2D00C3B2B8 /* EZAudioFloatConverter.h */ = {isa = PBXFileReference; fileEncoding = 4; lastKnownFileType = sourcecode.c.h; name = EZAudioFloatConverter.h; path = Libs/EZAudio/EZAudioFloatConverter.h; sourceTree = "<group>"; };
		366B56151D06AE2D00C3B2B8 /* EZAudioFloatConverter.m */ = {isa = PBXFileReference; fileEncoding = 4; lastKnownFileType = sourcecode.c.objc; name = EZAudioFloatConverter.m; path = Libs/EZAudio/EZAudioFloatConverter.m; sourceTree = "<group>"; };
		366B56161D06AE2D00C3B2B8 /* EZAudioFloatData.h */ = {isa = PBXFileReference; fileEncoding = 4; lastKnownFileType = sourcecode.c.h; name = EZAudioFloatData.h; path = Libs/EZAudio/EZAudioFloatData.h; sourceTree = "<group>"; };
		366B56171D06AE2D00C3B2B8 /* EZAudioFloatData.m */ = {isa = PBXFileReference; fileEncoding = 4; lastKnownFileType = sourcecode.c.objc; name = EZAudioFloatData.m; path = Libs/EZAudio/EZAudioFloatData.m; sourceTree = "<group>"; };
		366B56181D06AE2D00C3B2B8 /* EZAudioiOS.h */ = {isa = PBXFileReference; fileEncoding = 4; lastKnownFileType = sourcecode.c.h; name = EZAudioiOS.h; path = Libs/EZAudio/EZAudioiOS.h; sourceTree = "<group>"; };
		366B56191D06AE2D00C3B2B8 /* EZAudioOSX.h */ = {isa = PBXFileReference; fileEncoding = 4; lastKnownFileType = sourcecode.c.h; name = EZAudioOSX.h; path = Libs/EZAudio/EZAudioOSX.h; sourceTree = "<group>"; };
		366B561A1D06AE2D00C3B2B8 /* EZAudioPlayer.h */ = {isa = PBXFileReference; fileEncoding = 4; lastKnownFileType = sourcecode.c.h; name = EZAudioPlayer.h; path = Libs/EZAudio/EZAudioPlayer.h; sourceTree = "<group>"; };
		366B561B1D06AE2D00C3B2B8 /* EZAudioPlayer.m */ = {isa = PBXFileReference; fileEncoding = 4; lastKnownFileType = sourcecode.c.objc; name = EZAudioPlayer.m; path = Libs/EZAudio/EZAudioPlayer.m; sourceTree = "<group>"; };
		366B561C1D06AE2D00C3B2B8 /* EZAudioPlot.h */ = {isa = PBXFileReference; fileEncoding = 4; lastKnownFileType = sourcecode.c.h; name = EZAudioPlot.h; path = Libs/EZAudio/EZAudioPlot.h; sourceTree = "<group>"; };
		366B561D1D06AE2D00C3B2B8 /* EZAudioPlot.m */ = {isa = PBXFileReference; fileEncoding = 4; lastKnownFileType = sourcecode.c.objc; name = EZAudioPlot.m; path = Libs/EZAudio/EZAudioPlot.m; sourceTree = "<group>"; };
		366B561E1D06AE2D00C3B2B8 /* EZAudioPlotGL.h */ = {isa = PBXFileReference; fileEncoding = 4; lastKnownFileType = sourcecode.c.h; name = EZAudioPlotGL.h; path = Libs/EZAudio/EZAudioPlotGL.h; sourceTree = "<group>"; };
		366B561F1D06AE2D00C3B2B8 /* EZAudioPlotGL.m */ = {isa = PBXFileReference; fileEncoding = 4; lastKnownFileType = sourcecode.c.objc; name = EZAudioPlotGL.m; path = Libs/EZAudio/EZAudioPlotGL.m; sourceTree = "<group>"; };
		366B56201D06AE2D00C3B2B8 /* EZAudioUtilities.h */ = {isa = PBXFileReference; fileEncoding = 4; lastKnownFileType = sourcecode.c.h; name = EZAudioUtilities.h; path = Libs/EZAudio/EZAudioUtilities.h; sourceTree = "<group>"; };
		366B56211D06AE2D00C3B2B8 /* EZAudioUtilities.m */ = {isa = PBXFileReference; fileEncoding = 4; lastKnownFileType = sourcecode.c.objc; name = EZAudioUtilities.m; path = Libs/EZAudio/EZAudioUtilities.m; sourceTree = "<group>"; };
		366B56221D06AE2D00C3B2B8 /* EZMicrophone.h */ = {isa = PBXFileReference; fileEncoding = 4; lastKnownFileType = sourcecode.c.h; name = EZMicrophone.h; path = Libs/EZAudio/EZMicrophone.h; sourceTree = "<group>"; };
		366B56231D06AE2D00C3B2B8 /* EZMicrophone.m */ = {isa = PBXFileReference; fileEncoding = 4; lastKnownFileType = sourcecode.c.objc; name = EZMicrophone.m; path = Libs/EZAudio/EZMicrophone.m; sourceTree = "<group>"; };
		366B56241D06AE2D00C3B2B8 /* EZOutput.h */ = {isa = PBXFileReference; fileEncoding = 4; lastKnownFileType = sourcecode.c.h; name = EZOutput.h; path = Libs/EZAudio/EZOutput.h; sourceTree = "<group>"; };
		366B56251D06AE2D00C3B2B8 /* EZOutput.m */ = {isa = PBXFileReference; fileEncoding = 4; lastKnownFileType = sourcecode.c.objc; name = EZOutput.m; path = Libs/EZAudio/EZOutput.m; sourceTree = "<group>"; };
		366B56261D06AE2D00C3B2B8 /* EZPlot.h */ = {isa = PBXFileReference; fileEncoding = 4; lastKnownFileType = sourcecode.c.h; name = EZPlot.h; path = Libs/EZAudio/EZPlot.h; sourceTree = "<group>"; };
		366B56271D06AE2D00C3B2B8 /* EZPlot.m */ = {isa = PBXFileReference; fileEncoding = 4; lastKnownFileType = sourcecode.c.objc; name = EZPlot.m; path = Libs/EZAudio/EZPlot.m; sourceTree = "<group>"; };
		366B56281D06AE2D00C3B2B8 /* EZRecorder.h */ = {isa = PBXFileReference; fileEncoding = 4; lastKnownFileType = sourcecode.c.h; name = EZRecorder.h; path = Libs/EZAudio/EZRecorder.h; sourceTree = "<group>"; };
		366B56291D06AE2D00C3B2B8 /* EZRecorder.m */ = {isa = PBXFileReference; fileEncoding = 4; lastKnownFileType = sourcecode.c.objc; name = EZRecorder.m; path = Libs/EZAudio/EZRecorder.m; sourceTree = "<group>"; };
		366B562A1D06AE2D00C3B2B8 /* Info.plist */ = {isa = PBXFileReference; fileEncoding = 4; lastKnownFileType = text.plist.xml; name = Info.plist; path = Libs/EZAudio/Info.plist; sourceTree = "<group>"; };
		366B562B1D06AE2D00C3B2B8 /* TPCircularBuffer.c */ = {isa = PBXFileReference; fileEncoding = 4; lastKnownFileType = sourcecode.c.c; name = TPCircularBuffer.c; path = Libs/EZAudio/TPCircularBuffer.c; sourceTree = "<group>"; };
		366B562C1D06AE2D00C3B2B8 /* TPCircularBuffer.h */ = {isa = PBXFileReference; fileEncoding = 4; lastKnownFileType = sourcecode.c.h; name = TPCircularBuffer.h; path = Libs/EZAudio/TPCircularBuffer.h; sourceTree = "<group>"; };
		366B563F1D06BC3500C3B2B8 /* AudioDisplayLink.swift */ = {isa = PBXFileReference; fileEncoding = 4; lastKnownFileType = sourcecode.swift; name = AudioDisplayLink.swift; path = Components/AudioDisplayLink.swift; sourceTree = "<group>"; };
		366B56421D06C46300C3B2B8 /* AudioPlotView.swift */ = {isa = PBXFileReference; fileEncoding = 4; lastKnownFileType = sourcecode.swift; name = AudioPlotView.swift; path = Components/AudioPlotView.swift; sourceTree = "<group>"; };
		366B56451D06DD0600C3B2B8 /* AudioPlayer.swift */ = {isa = PBXFileReference; fileEncoding = 4; lastKnownFileType = sourcecode.swift; name = AudioPlayer.swift; path = Components/AudioPlayer.swift; sourceTree = "<group>"; };
		366B56471D06E1A800C3B2B8 /* AudioOutput.swift */ = {isa = PBXFileReference; fileEncoding = 4; lastKnownFileType = sourcecode.swift; name = AudioOutput.swift; path = Components/AudioOutput.swift; sourceTree = "<group>"; };
		366B56491D06E38F00C3B2B8 /* AudioFileManager.swift */ = {isa = PBXFileReference; fileEncoding = 4; lastKnownFileType = sourcecode.swift; name = AudioFileManager.swift; path = Components/AudioFileManager.swift; sourceTree = "<group>"; };
		367BF4931D0568FA00F66593 /* SampleMusicPlayer.app */ = {isa = PBXFileReference; explicitFileType = wrapper.application; includeInIndex = 0; path = SampleMusicPlayer.app; sourceTree = BUILT_PRODUCTS_DIR; };
		367BF4961D0568FA00F66593 /* AppDelegate.swift */ = {isa = PBXFileReference; lastKnownFileType = sourcecode.swift; path = AppDelegate.swift; sourceTree = "<group>"; };
		367BF4981D0568FA00F66593 /* ViewController.swift */ = {isa = PBXFileReference; lastKnownFileType = sourcecode.swift; path = ViewController.swift; sourceTree = "<group>"; };
		367BF49B1D0568FA00F66593 /* Base */ = {isa = PBXFileReference; lastKnownFileType = file.storyboard; name = Base; path = Base.lproj/Main.storyboard; sourceTree = "<group>"; };
		367BF49D1D0568FA00F66593 /* Assets.xcassets */ = {isa = PBXFileReference; lastKnownFileType = folder.assetcatalog; path = Assets.xcassets; sourceTree = "<group>"; };
		367BF4A01D0568FA00F66593 /* Base */ = {isa = PBXFileReference; lastKnownFileType = file.storyboard; name = Base; path = Base.lproj/LaunchScreen.storyboard; sourceTree = "<group>"; };
		367BF4A21D0568FA00F66593 /* Info.plist */ = {isa = PBXFileReference; lastKnownFileType = text.plist.xml; path = Info.plist; sourceTree = "<group>"; };
		367BF4A71D0568FA00F66593 /* SampleMusicPlayerTests.xctest */ = {isa = PBXFileReference; explicitFileType = wrapper.cfbundle; includeInIndex = 0; path = SampleMusicPlayerTests.xctest; sourceTree = BUILT_PRODUCTS_DIR; };
		367BF4AB1D0568FA00F66593 /* SampleMusicPlayerTests.swift */ = {isa = PBXFileReference; lastKnownFileType = sourcecode.swift; path = SampleMusicPlayerTests.swift; sourceTree = "<group>"; };
		367BF4AD1D0568FA00F66593 /* Info.plist */ = {isa = PBXFileReference; lastKnownFileType = text.plist.xml; path = Info.plist; sourceTree = "<group>"; };
		367BF4B21D0568FA00F66593 /* SampleMusicPlayerUITests.xctest */ = {isa = PBXFileReference; explicitFileType = wrapper.cfbundle; includeInIndex = 0; path = SampleMusicPlayerUITests.xctest; sourceTree = BUILT_PRODUCTS_DIR; };
		367BF4B61D0568FA00F66593 /* SampleMusicPlayerUITests.swift */ = {isa = PBXFileReference; lastKnownFileType = sourcecode.swift; path = SampleMusicPlayerUITests.swift; sourceTree = "<group>"; };
		367BF4B81D0568FA00F66593 /* Info.plist */ = {isa = PBXFileReference; lastKnownFileType = text.plist.xml; path = Info.plist; sourceTree = "<group>"; };
		367BF4C41D05690800F66593 /* UIKit.framework */ = {isa = PBXFileReference; lastKnownFileType = wrapper.framework; name = UIKit.framework; path = System/Library/Frameworks/UIKit.framework; sourceTree = SDKROOT; };
		367BF4C61D05690E00F66593 /* QuartzCore.framework */ = {isa = PBXFileReference; lastKnownFileType = wrapper.framework; name = QuartzCore.framework; path = System/Library/Frameworks/QuartzCore.framework; sourceTree = SDKROOT; };
		367BF4C81D05691200F66593 /* CoreGraphics.framework */ = {isa = PBXFileReference; lastKnownFileType = wrapper.framework; name = CoreGraphics.framework; path = System/Library/Frameworks/CoreGraphics.framework; sourceTree = SDKROOT; };
		367BF4CA1D05691700F66593 /* OpenGLES.framework */ = {isa = PBXFileReference; lastKnownFileType = wrapper.framework; name = OpenGLES.framework; path = System/Library/Frameworks/OpenGLES.framework; sourceTree = SDKROOT; };
		367BF4CC1D05691C00F66593 /* Foundation.framework */ = {isa = PBXFileReference; lastKnownFileType = wrapper.framework; name = Foundation.framework; path = System/Library/Frameworks/Foundation.framework; sourceTree = SDKROOT; };
		367BF4D41D056F1A00F66593 /* Utils.swift */ = {isa = PBXFileReference; fileEncoding = 4; lastKnownFileType = sourcecode.swift; name = Utils.swift; path = Utils/Utils.swift; sourceTree = "<group>"; };
		368E8EB21D1028DF002A87C8 /* winamp.wav */ = {isa = PBXFileReference; lastKnownFileType = audio.wav; name = winamp.wav; path = Resources/winamp.wav; sourceTree = "<group>"; };
		369770A01D0964A800988AB6 /* AudioFloatConverter.swift */ = {isa = PBXFileReference; fileEncoding = 4; lastKnownFileType = sourcecode.swift; name = AudioFloatConverter.swift; path = Components/AudioFloatConverter.swift; sourceTree = "<group>"; };
/* End PBXFileReference section */

/* Begin PBXFrameworksBuildPhase section */
		367BF4901D0568FA00F66593 /* Frameworks */ = {
			isa = PBXFrameworksBuildPhase;
			buildActionMask = 2147483647;
			files = (
				366B56441D06D75900C3B2B8 /* OpenGLES.framework in Frameworks */,
				366B56081D06A9BB00C3B2B8 /* AVFoundation.framework in Frameworks */,
				366B56061D06A8B300C3B2B8 /* CoreAudio.framework in Frameworks */,
				367BF4CD1D05691C00F66593 /* Foundation.framework in Frameworks */,
				367BF4C91D05691200F66593 /* CoreGraphics.framework in Frameworks */,
				367BF4C71D05690E00F66593 /* QuartzCore.framework in Frameworks */,
				367BF4C51D05690800F66593 /* UIKit.framework in Frameworks */,
			);
			runOnlyForDeploymentPostprocessing = 0;
		};
		367BF4A41D0568FA00F66593 /* Frameworks */ = {
			isa = PBXFrameworksBuildPhase;
			buildActionMask = 2147483647;
			files = (
			);
			runOnlyForDeploymentPostprocessing = 0;
		};
		367BF4AF1D0568FA00F66593 /* Frameworks */ = {
			isa = PBXFrameworksBuildPhase;
			buildActionMask = 2147483647;
			files = (
			);
			runOnlyForDeploymentPostprocessing = 0;
		};
/* End PBXFrameworksBuildPhase section */

/* Begin PBXGroup section */
		3603FF0B1D0EE9980027DBCF /* Missing */ = {
			isa = PBXGroup;
			children = (
				366B56451D06DD0600C3B2B8 /* AudioPlayer.swift */,
				366B56471D06E1A800C3B2B8 /* AudioOutput.swift */,
				366B56491D06E38F00C3B2B8 /* AudioFileManager.swift */,
				369770A01D0964A800988AB6 /* AudioFloatConverter.swift */,
			);
			name = Missing;
			sourceTree = "<group>";
		};
		364120501D127F0300AFBF22 /* Shaders */ = {
			isa = PBXGroup;
			children = (
				3641204F1D127EFB00AFBF22 /* Block.vsh */,
				364120511D127F7400AFBF22 /* Block.fsh */,
				364120521D12939C00AFBF22 /* BlockShader.swift */,
				364120541D1293AD00AFBF22 /* ShaderProcessor.swift */,
			);
			name = Shaders;
			sourceTree = "<group>";
		};
		364120591D129B1200AFBF22 /* Utils */ = {
			isa = PBXGroup;
			children = (
				3641205C1D129B5B00AFBF22 /* OpenGLES+Extension.swift */,
				367BF4D41D056F1A00F66593 /* Utils.swift */,
			);
			name = Utils;
			sourceTree = "<group>";
		};
		366B56041D069A0200C3B2B8 /* Resources */ = {
			isa = PBXGroup;
			children = (
				364120491D126BFB00AFBF22 /* block_16.png */,
				3641204A1D126BFB00AFBF22 /* block_32.png */,
				3641204B1D126BFB00AFBF22 /* block_64.png */,
				368E8EB21D1028DF002A87C8 /* winamp.wav */,
				366209771D0E7AAA003E120D /* Basic_Beat.wav */,
				366209781D0E7AAA003E120D /* Fill.wav */,
				366B56021D0699FB00C3B2B8 /* Samba-drum-beat-115-bpm.wav */,
			);
			name = Resources;
			sourceTree = "<group>";
		};
		366B563E1D06AE3300C3B2B8 /* EZAudio */ = {
			isa = PBXGroup;
			children = (
				366B560A1D06AE2D00C3B2B8 /* EZAudio.h */,
				366B560B1D06AE2D00C3B2B8 /* EZAudio.m */,
				366B560C1D06AE2D00C3B2B8 /* EZAudioDevice.h */,
				366B560D1D06AE2D00C3B2B8 /* EZAudioDevice.m */,
				366B560E1D06AE2D00C3B2B8 /* EZAudioDisplayLink.h */,
				366B560F1D06AE2D00C3B2B8 /* EZAudioDisplayLink.m */,
				366B56101D06AE2D00C3B2B8 /* EZAudioFFT.h */,
				366B56111D06AE2D00C3B2B8 /* EZAudioFFT.m */,
				366B56121D06AE2D00C3B2B8 /* EZAudioFile.h */,
				366B56131D06AE2D00C3B2B8 /* EZAudioFile.m */,
				366B56141D06AE2D00C3B2B8 /* EZAudioFloatConverter.h */,
				366B56151D06AE2D00C3B2B8 /* EZAudioFloatConverter.m */,
				366B56161D06AE2D00C3B2B8 /* EZAudioFloatData.h */,
				366B56171D06AE2D00C3B2B8 /* EZAudioFloatData.m */,
				366B56181D06AE2D00C3B2B8 /* EZAudioiOS.h */,
				366B56191D06AE2D00C3B2B8 /* EZAudioOSX.h */,
				366B561A1D06AE2D00C3B2B8 /* EZAudioPlayer.h */,
				366B561B1D06AE2D00C3B2B8 /* EZAudioPlayer.m */,
				366B561C1D06AE2D00C3B2B8 /* EZAudioPlot.h */,
				366B561D1D06AE2D00C3B2B8 /* EZAudioPlot.m */,
				366B561E1D06AE2D00C3B2B8 /* EZAudioPlotGL.h */,
				366B561F1D06AE2D00C3B2B8 /* EZAudioPlotGL.m */,
				366B56201D06AE2D00C3B2B8 /* EZAudioUtilities.h */,
				366B56211D06AE2D00C3B2B8 /* EZAudioUtilities.m */,
				366B56221D06AE2D00C3B2B8 /* EZMicrophone.h */,
				366B56231D06AE2D00C3B2B8 /* EZMicrophone.m */,
				366B56241D06AE2D00C3B2B8 /* EZOutput.h */,
				366B56251D06AE2D00C3B2B8 /* EZOutput.m */,
				366B56261D06AE2D00C3B2B8 /* EZPlot.h */,
				366B56271D06AE2D00C3B2B8 /* EZPlot.m */,
				366B56281D06AE2D00C3B2B8 /* EZRecorder.h */,
				366B56291D06AE2D00C3B2B8 /* EZRecorder.m */,
				366B562A1D06AE2D00C3B2B8 /* Info.plist */,
				366B562B1D06AE2D00C3B2B8 /* TPCircularBuffer.c */,
				366B562C1D06AE2D00C3B2B8 /* TPCircularBuffer.h */,
			);
			name = EZAudio;
			sourceTree = "<group>";
		};
		366B56411D06C10900C3B2B8 /* Components */ = {
			isa = PBXGroup;
			children = (
				366B563F1D06BC3500C3B2B8 /* AudioDisplayLink.swift */,
				366B56421D06C46300C3B2B8 /* AudioPlotView.swift */,
				3603FF0B1D0EE9980027DBCF /* Missing */,
				3641205F1D12C11D00AFBF22 /* BlockObject.swift */,
			);
			name = Components;
			sourceTree = "<group>";
		};
		367BF48A1D0568FA00F66593 = {
			isa = PBXGroup;
			children = (
				367BF4CE1D05692000F66593 /* Frameworks */,
				367BF4951D0568FA00F66593 /* SampleMusicPlayer */,
				367BF4AA1D0568FA00F66593 /* SampleMusicPlayerTests */,
				367BF4B51D0568FA00F66593 /* SampleMusicPlayerUITests */,
				367BF4941D0568FA00F66593 /* Products */,
			);
			sourceTree = "<group>";
		};
		367BF4941D0568FA00F66593 /* Products */ = {
			isa = PBXGroup;
			children = (
				367BF4931D0568FA00F66593 /* SampleMusicPlayer.app */,
				367BF4A71D0568FA00F66593 /* SampleMusicPlayerTests.xctest */,
				367BF4B21D0568FA00F66593 /* SampleMusicPlayerUITests.xctest */,
			);
			name = Products;
			sourceTree = "<group>";
		};
		367BF4951D0568FA00F66593 /* SampleMusicPlayer */ = {
			isa = PBXGroup;
			children = (
				366B563E1D06AE3300C3B2B8 /* EZAudio */,
				366B56041D069A0200C3B2B8 /* Resources */,
				367BF4961D0568FA00F66593 /* AppDelegate.swift */,
				367BF4981D0568FA00F66593 /* ViewController.swift */,
				367BF49A1D0568FA00F66593 /* Main.storyboard */,
				367BF49D1D0568FA00F66593 /* Assets.xcassets */,
				367BF49F1D0568FA00F66593 /* LaunchScreen.storyboard */,
				367BF4A21D0568FA00F66593 /* Info.plist */,
				364120591D129B1200AFBF22 /* Utils */,
				366B56091D06AE2D00C3B2B8 /* SampleMusicPlayer-Bridging-Header.h */,
				366B56411D06C10900C3B2B8 /* Components */,
				364120501D127F0300AFBF22 /* Shaders */,
			);
			path = SampleMusicPlayer;
			sourceTree = "<group>";
		};
		367BF4AA1D0568FA00F66593 /* SampleMusicPlayerTests */ = {
			isa = PBXGroup;
			children = (
				367BF4AB1D0568FA00F66593 /* SampleMusicPlayerTests.swift */,
				367BF4AD1D0568FA00F66593 /* Info.plist */,
			);
			path = SampleMusicPlayerTests;
			sourceTree = "<group>";
		};
		367BF4B51D0568FA00F66593 /* SampleMusicPlayerUITests */ = {
			isa = PBXGroup;
			children = (
				367BF4B61D0568FA00F66593 /* SampleMusicPlayerUITests.swift */,
				367BF4B81D0568FA00F66593 /* Info.plist */,
			);
			path = SampleMusicPlayerUITests;
			sourceTree = "<group>";
		};
		367BF4CE1D05692000F66593 /* Frameworks */ = {
			isa = PBXGroup;
			children = (
				366B56071D06A9BB00C3B2B8 /* AVFoundation.framework */,
				366B56051D06A8B300C3B2B8 /* CoreAudio.framework */,
				367BF4CC1D05691C00F66593 /* Foundation.framework */,
				367BF4CA1D05691700F66593 /* OpenGLES.framework */,
				367BF4C81D05691200F66593 /* CoreGraphics.framework */,
				367BF4C61D05690E00F66593 /* QuartzCore.framework */,
				367BF4C41D05690800F66593 /* UIKit.framework */,
			);
			name = Frameworks;
			sourceTree = "<group>";
		};
/* End PBXGroup section */

/* Begin PBXNativeTarget section */
		367BF4921D0568FA00F66593 /* SampleMusicPlayer */ = {
			isa = PBXNativeTarget;
			buildConfigurationList = 367BF4BB1D0568FA00F66593 /* Build configuration list for PBXNativeTarget "SampleMusicPlayer" */;
			buildPhases = (
				367BF48F1D0568FA00F66593 /* Sources */,
				367BF4901D0568FA00F66593 /* Frameworks */,
				367BF4911D0568FA00F66593 /* Resources */,
			);
			buildRules = (
			);
			dependencies = (
			);
			name = SampleMusicPlayer;
			productName = SampleMusicPlayer;
			productReference = 367BF4931D0568FA00F66593 /* SampleMusicPlayer.app */;
			productType = "com.apple.product-type.application";
		};
		367BF4A61D0568FA00F66593 /* SampleMusicPlayerTests */ = {
			isa = PBXNativeTarget;
			buildConfigurationList = 367BF4BE1D0568FA00F66593 /* Build configuration list for PBXNativeTarget "SampleMusicPlayerTests" */;
			buildPhases = (
				367BF4A31D0568FA00F66593 /* Sources */,
				367BF4A41D0568FA00F66593 /* Frameworks */,
				367BF4A51D0568FA00F66593 /* Resources */,
			);
			buildRules = (
			);
			dependencies = (
				367BF4A91D0568FA00F66593 /* PBXTargetDependency */,
			);
			name = SampleMusicPlayerTests;
			productName = SampleMusicPlayerTests;
			productReference = 367BF4A71D0568FA00F66593 /* SampleMusicPlayerTests.xctest */;
			productType = "com.apple.product-type.bundle.unit-test";
		};
		367BF4B11D0568FA00F66593 /* SampleMusicPlayerUITests */ = {
			isa = PBXNativeTarget;
			buildConfigurationList = 367BF4C11D0568FA00F66593 /* Build configuration list for PBXNativeTarget "SampleMusicPlayerUITests" */;
			buildPhases = (
				367BF4AE1D0568FA00F66593 /* Sources */,
				367BF4AF1D0568FA00F66593 /* Frameworks */,
				367BF4B01D0568FA00F66593 /* Resources */,
			);
			buildRules = (
			);
			dependencies = (
				367BF4B41D0568FA00F66593 /* PBXTargetDependency */,
			);
			name = SampleMusicPlayerUITests;
			productName = SampleMusicPlayerUITests;
			productReference = 367BF4B21D0568FA00F66593 /* SampleMusicPlayerUITests.xctest */;
			productType = "com.apple.product-type.bundle.ui-testing";
		};
/* End PBXNativeTarget section */

/* Begin PBXProject section */
		367BF48B1D0568FA00F66593 /* Project object */ = {
			isa = PBXProject;
			attributes = {
				LastSwiftUpdateCheck = 0730;
				LastUpgradeCheck = 0730;
				ORGANIZATIONNAME = "Than Dang";
				TargetAttributes = {
					367BF4921D0568FA00F66593 = {
						CreatedOnToolsVersion = 7.3.1;
					};
					367BF4A61D0568FA00F66593 = {
						CreatedOnToolsVersion = 7.3.1;
						TestTargetID = 367BF4921D0568FA00F66593;
					};
					367BF4B11D0568FA00F66593 = {
						CreatedOnToolsVersion = 7.3.1;
						TestTargetID = 367BF4921D0568FA00F66593;
					};
				};
			};
			buildConfigurationList = 367BF48E1D0568FA00F66593 /* Build configuration list for PBXProject "SampleMusicPlayer" */;
			compatibilityVersion = "Xcode 3.2";
			developmentRegion = English;
			hasScannedForEncodings = 0;
			knownRegions = (
				en,
				Base,
			);
			mainGroup = 367BF48A1D0568FA00F66593;
			productRefGroup = 367BF4941D0568FA00F66593 /* Products */;
			projectDirPath = "";
			projectRoot = "";
			targets = (
				367BF4921D0568FA00F66593 /* SampleMusicPlayer */,
				367BF4A61D0568FA00F66593 /* SampleMusicPlayerTests */,
				367BF4B11D0568FA00F66593 /* SampleMusicPlayerUITests */,
			);
		};
/* End PBXProject section */

/* Begin PBXResourcesBuildPhase section */
		367BF4911D0568FA00F66593 /* Resources */ = {
			isa = PBXResourcesBuildPhase;
			buildActionMask = 2147483647;
			files = (
				367BF4A11D0568FA00F66593 /* LaunchScreen.storyboard in Resources */,
				3641204C1D126BFB00AFBF22 /* block_16.png in Resources */,
				366B56031D0699FB00C3B2B8 /* Samba-drum-beat-115-bpm.wav in Resources */,
				368E8EB31D1028DF002A87C8 /* winamp.wav in Resources */,
				367BF49E1D0568FA00F66593 /* Assets.xcassets in Resources */,
				3641204E1D126BFB00AFBF22 /* block_64.png in Resources */,
				366B563C1D06AE2D00C3B2B8 /* Info.plist in Resources */,
				3641204D1D126BFB00AFBF22 /* block_32.png in Resources */,
				367BF49C1D0568FA00F66593 /* Main.storyboard in Resources */,
				3662097A1D0E7AAA003E120D /* Fill.wav in Resources */,
				366209791D0E7AAA003E120D /* Basic_Beat.wav in Resources */,
			);
			runOnlyForDeploymentPostprocessing = 0;
		};
		367BF4A51D0568FA00F66593 /* Resources */ = {
			isa = PBXResourcesBuildPhase;
			buildActionMask = 2147483647;
			files = (
			);
			runOnlyForDeploymentPostprocessing = 0;
		};
		367BF4B01D0568FA00F66593 /* Resources */ = {
			isa = PBXResourcesBuildPhase;
			buildActionMask = 2147483647;
			files = (
			);
			runOnlyForDeploymentPostprocessing = 0;
		};
/* End PBXResourcesBuildPhase section */

/* Begin PBXSourcesBuildPhase section */
		367BF48F1D0568FA00F66593 /* Sources */ = {
			isa = PBXSourcesBuildPhase;
			buildActionMask = 2147483647;
			files = (
				366B563D1D06AE2D00C3B2B8 /* TPCircularBuffer.c in Sources */,
				366B56301D06AE2D00C3B2B8 /* EZAudioFFT.m in Sources */,
				366B56371D06AE2D00C3B2B8 /* EZAudioUtilities.m in Sources */,
				3641205D1D129B5B00AFBF22 /* OpenGLES+Extension.swift in Sources */,
				366B56381D06AE2D00C3B2B8 /* EZMicrophone.m in Sources */,
				366B563B1D06AE2D00C3B2B8 /* EZRecorder.m in Sources */,
				366B56401D06BC3500C3B2B8 /* AudioDisplayLink.swift in Sources */,
				366B56331D06AE2D00C3B2B8 /* EZAudioFloatData.m in Sources */,
				366B564A1D06E38F00C3B2B8 /* AudioFileManager.swift in Sources */,
				364120531D12939C00AFBF22 /* BlockShader.swift in Sources */,
				366B56321D06AE2D00C3B2B8 /* EZAudioFloatConverter.m in Sources */,
				366B563A1D06AE2D00C3B2B8 /* EZPlot.m in Sources */,
				366B56481D06E1A800C3B2B8 /* AudioOutput.swift in Sources */,
				366B56391D06AE2D00C3B2B8 /* EZOutput.m in Sources */,
				366B56431D06C46300C3B2B8 /* AudioPlotView.swift in Sources */,
				366B56351D06AE2D00C3B2B8 /* EZAudioPlot.m in Sources */,
				366B56461D06DD0600C3B2B8 /* AudioPlayer.swift in Sources */,
				366B562D1D06AE2D00C3B2B8 /* EZAudio.m in Sources */,
				366B562F1D06AE2D00C3B2B8 /* EZAudioDisplayLink.m in Sources */,
				367BF4D51D056F1A00F66593 /* Utils.swift in Sources */,
				366B56311D06AE2D00C3B2B8 /* EZAudioFile.m in Sources */,
				367BF4991D0568FA00F66593 /* ViewController.swift in Sources */,
				364120601D12C11D00AFBF22 /* BlockObject.swift in Sources */,
				369770A11D0964A800988AB6 /* AudioFloatConverter.swift in Sources */,
				366B56341D06AE2D00C3B2B8 /* EZAudioPlayer.m in Sources */,
				364120551D1293AD00AFBF22 /* ShaderProcessor.swift in Sources */,
				366B562E1D06AE2D00C3B2B8 /* EZAudioDevice.m in Sources */,
				367BF4971D0568FA00F66593 /* AppDelegate.swift in Sources */,
				366B56361D06AE2D00C3B2B8 /* EZAudioPlotGL.m in Sources */,
			);
			runOnlyForDeploymentPostprocessing = 0;
		};
		367BF4A31D0568FA00F66593 /* Sources */ = {
			isa = PBXSourcesBuildPhase;
			buildActionMask = 2147483647;
			files = (
				367BF4AC1D0568FA00F66593 /* SampleMusicPlayerTests.swift in Sources */,
			);
			runOnlyForDeploymentPostprocessing = 0;
		};
		367BF4AE1D0568FA00F66593 /* Sources */ = {
			isa = PBXSourcesBuildPhase;
			buildActionMask = 2147483647;
			files = (
				367BF4B71D0568FA00F66593 /* SampleMusicPlayerUITests.swift in Sources */,
			);
			runOnlyForDeploymentPostprocessing = 0;
		};
/* End PBXSourcesBuildPhase section */

/* Begin PBXTargetDependency section */
		367BF4A91D0568FA00F66593 /* PBXTargetDependency */ = {
			isa = PBXTargetDependency;
			target = 367BF4921D0568FA00F66593 /* SampleMusicPlayer */;
			targetProxy = 367BF4A81D0568FA00F66593 /* PBXContainerItemProxy */;
		};
		367BF4B41D0568FA00F66593 /* PBXTargetDependency */ = {
			isa = PBXTargetDependency;
			target = 367BF4921D0568FA00F66593 /* SampleMusicPlayer */;
			targetProxy = 367BF4B31D0568FA00F66593 /* PBXContainerItemProxy */;
		};
/* End PBXTargetDependency section */

/* Begin PBXVariantGroup section */
		367BF49A1D0568FA00F66593 /* Main.storyboard */ = {
			isa = PBXVariantGroup;
			children = (
				367BF49B1D0568FA00F66593 /* Base */,
			);
			name = Main.storyboard;
			sourceTree = "<group>";
		};
		367BF49F1D0568FA00F66593 /* LaunchScreen.storyboard */ = {
			isa = PBXVariantGroup;
			children = (
				367BF4A01D0568FA00F66593 /* Base */,
			);
			name = LaunchScreen.storyboard;
			sourceTree = "<group>";
		};
/* End PBXVariantGroup section */

/* Begin XCBuildConfiguration section */
		367BF4B91D0568FA00F66593 /* Debug */ = {
			isa = XCBuildConfiguration;
			buildSettings = {
				ALWAYS_SEARCH_USER_PATHS = NO;
				CLANG_ANALYZER_NONNULL = YES;
				CLANG_CXX_LANGUAGE_STANDARD = "gnu++0x";
				CLANG_CXX_LIBRARY = "libc++";
				CLANG_ENABLE_MODULES = YES;
				CLANG_ENABLE_OBJC_ARC = YES;
				CLANG_WARN_BOOL_CONVERSION = YES;
				CLANG_WARN_CONSTANT_CONVERSION = YES;
				CLANG_WARN_DIRECT_OBJC_ISA_USAGE = YES_ERROR;
				CLANG_WARN_EMPTY_BODY = YES;
				CLANG_WARN_ENUM_CONVERSION = YES;
				CLANG_WARN_INT_CONVERSION = YES;
				CLANG_WARN_OBJC_ROOT_CLASS = YES_ERROR;
				CLANG_WARN_UNREACHABLE_CODE = YES;
				CLANG_WARN__DUPLICATE_METHOD_MATCH = YES;
				"CODE_SIGN_IDENTITY[sdk=iphoneos*]" = "iPhone Developer";
				COPY_PHASE_STRIP = NO;
				DEBUG_INFORMATION_FORMAT = dwarf;
				ENABLE_STRICT_OBJC_MSGSEND = YES;
				ENABLE_TESTABILITY = YES;
				GCC_C_LANGUAGE_STANDARD = gnu99;
				GCC_DYNAMIC_NO_PIC = NO;
				GCC_NO_COMMON_BLOCKS = YES;
				GCC_OPTIMIZATION_LEVEL = 0;
				GCC_PREPROCESSOR_DEFINITIONS = (
					"DEBUG=1",
					"$(inherited)",
				);
				GCC_WARN_64_TO_32_BIT_CONVERSION = YES;
				GCC_WARN_ABOUT_RETURN_TYPE = YES_ERROR;
				GCC_WARN_UNDECLARED_SELECTOR = YES;
				GCC_WARN_UNINITIALIZED_AUTOS = YES_AGGRESSIVE;
				GCC_WARN_UNUSED_FUNCTION = YES;
				GCC_WARN_UNUSED_VARIABLE = YES;
				IPHONEOS_DEPLOYMENT_TARGET = 8.0;
				MTL_ENABLE_DEBUG_INFO = YES;
				ONLY_ACTIVE_ARCH = YES;
				SDKROOT = iphoneos;
				SWIFT_OPTIMIZATION_LEVEL = "-Onone";
				TARGETED_DEVICE_FAMILY = "1,2";
			};
			name = Debug;
		};
		367BF4BA1D0568FA00F66593 /* Release */ = {
			isa = XCBuildConfiguration;
			buildSettings = {
				ALWAYS_SEARCH_USER_PATHS = NO;
				CLANG_ANALYZER_NONNULL = YES;
				CLANG_CXX_LANGUAGE_STANDARD = "gnu++0x";
				CLANG_CXX_LIBRARY = "libc++";
				CLANG_ENABLE_MODULES = YES;
				CLANG_ENABLE_OBJC_ARC = YES;
				CLANG_WARN_BOOL_CONVERSION = YES;
				CLANG_WARN_CONSTANT_CONVERSION = YES;
				CLANG_WARN_DIRECT_OBJC_ISA_USAGE = YES_ERROR;
				CLANG_WARN_EMPTY_BODY = YES;
				CLANG_WARN_ENUM_CONVERSION = YES;
				CLANG_WARN_INT_CONVERSION = YES;
				CLANG_WARN_OBJC_ROOT_CLASS = YES_ERROR;
				CLANG_WARN_UNREACHABLE_CODE = YES;
				CLANG_WARN__DUPLICATE_METHOD_MATCH = YES;
				"CODE_SIGN_IDENTITY[sdk=iphoneos*]" = "iPhone Developer";
				COPY_PHASE_STRIP = NO;
				DEBUG_INFORMATION_FORMAT = "dwarf-with-dsym";
				ENABLE_NS_ASSERTIONS = NO;
				ENABLE_STRICT_OBJC_MSGSEND = YES;
				GCC_C_LANGUAGE_STANDARD = gnu99;
				GCC_NO_COMMON_BLOCKS = YES;
				GCC_WARN_64_TO_32_BIT_CONVERSION = YES;
				GCC_WARN_ABOUT_RETURN_TYPE = YES_ERROR;
				GCC_WARN_UNDECLARED_SELECTOR = YES;
				GCC_WARN_UNINITIALIZED_AUTOS = YES_AGGRESSIVE;
				GCC_WARN_UNUSED_FUNCTION = YES;
				GCC_WARN_UNUSED_VARIABLE = YES;
				IPHONEOS_DEPLOYMENT_TARGET = 8.0;
				MTL_ENABLE_DEBUG_INFO = NO;
				SDKROOT = iphoneos;
				TARGETED_DEVICE_FAMILY = "1,2";
				VALIDATE_PRODUCT = YES;
			};
			name = Release;
		};
		367BF4BC1D0568FA00F66593 /* Debug */ = {
			isa = XCBuildConfiguration;
			buildSettings = {
				ASSETCATALOG_COMPILER_APPICON_NAME = AppIcon;
				ASSETCATALOG_COMPILER_LAUNCHIMAGE_NAME = "Brand Assets";
				CLANG_ENABLE_MODULES = YES;
				INFOPLIST_FILE = SampleMusicPlayer/Info.plist;
				IPHONEOS_DEPLOYMENT_TARGET = 8.0;
				LD_RUNPATH_SEARCH_PATHS = "$(inherited) @executable_path/Frameworks";
				PRODUCT_BUNDLE_IDENTIFIER = com.elinext.SampleMusicPlayer;
				PRODUCT_NAME = "$(TARGET_NAME)";
				SWIFT_OBJC_BRIDGING_HEADER = "SampleMusicPlayer/SampleMusicPlayer-Bridging-Header.h";
				SWIFT_OPTIMIZATION_LEVEL = "-Onone";
			};
			name = Debug;
		};
		367BF4BD1D0568FA00F66593 /* Release */ = {
			isa = XCBuildConfiguration;
			buildSettings = {
				ASSETCATALOG_COMPILER_APPICON_NAME = AppIcon;
				ASSETCATALOG_COMPILER_LAUNCHIMAGE_NAME = "Brand Assets";
				CLANG_ENABLE_MODULES = YES;
				INFOPLIST_FILE = SampleMusicPlayer/Info.plist;
				IPHONEOS_DEPLOYMENT_TARGET = 8.0;
				LD_RUNPATH_SEARCH_PATHS = "$(inherited) @executable_path/Frameworks";
				PRODUCT_BUNDLE_IDENTIFIER = com.elinext.SampleMusicPlayer;
				PRODUCT_NAME = "$(TARGET_NAME)";
				SWIFT_OBJC_BRIDGING_HEADER = "SampleMusicPlayer/SampleMusicPlayer-Bridging-Header.h";
			};
			name = Release;
		};
		367BF4BF1D0568FA00F66593 /* Debug */ = {
			isa = XCBuildConfiguration;
			buildSettings = {
				BUNDLE_LOADER = "$(TEST_HOST)";
				INFOPLIST_FILE = SampleMusicPlayerTests/Info.plist;
				LD_RUNPATH_SEARCH_PATHS = "$(inherited) @executable_path/Frameworks @loader_path/Frameworks";
				PRODUCT_BUNDLE_IDENTIFIER = com.elinext.SampleMusicPlayerTests;
				PRODUCT_NAME = "$(TARGET_NAME)";
				TEST_HOST = "$(BUILT_PRODUCTS_DIR)/SampleMusicPlayer.app/SampleMusicPlayer";
			};
			name = Debug;
		};
		367BF4C01D0568FA00F66593 /* Release */ = {
			isa = XCBuildConfiguration;
			buildSettings = {
				BUNDLE_LOADER = "$(TEST_HOST)";
				INFOPLIST_FILE = SampleMusicPlayerTests/Info.plist;
				LD_RUNPATH_SEARCH_PATHS = "$(inherited) @executable_path/Frameworks @loader_path/Frameworks";
				PRODUCT_BUNDLE_IDENTIFIER = com.elinext.SampleMusicPlayerTests;
				PRODUCT_NAME = "$(TARGET_NAME)";
				TEST_HOST = "$(BUILT_PRODUCTS_DIR)/SampleMusicPlayer.app/SampleMusicPlayer";
			};
			name = Release;
		};
		367BF4C21D0568FA00F66593 /* Debug */ = {
			isa = XCBuildConfiguration;
			buildSettings = {
				INFOPLIST_FILE = SampleMusicPlayerUITests/Info.plist;
				LD_RUNPATH_SEARCH_PATHS = "$(inherited) @executable_path/Frameworks @loader_path/Frameworks";
				PRODUCT_BUNDLE_IDENTIFIER = com.elinext.SampleMusicPlayerUITests;
				PRODUCT_NAME = "$(TARGET_NAME)";
				TEST_TARGET_NAME = SampleMusicPlayer;
			};
			name = Debug;
		};
		367BF4C31D0568FA00F66593 /* Release */ = {
			isa = XCBuildConfiguration;
			buildSettings = {
				INFOPLIST_FILE = SampleMusicPlayerUITests/Info.plist;
				LD_RUNPATH_SEARCH_PATHS = "$(inherited) @executable_path/Frameworks @loader_path/Frameworks";
				PRODUCT_BUNDLE_IDENTIFIER = com.elinext.SampleMusicPlayerUITests;
				PRODUCT_NAME = "$(TARGET_NAME)";
				TEST_TARGET_NAME = SampleMusicPlayer;
			};
			name = Release;
		};
/* End XCBuildConfiguration section */

/* Begin XCConfigurationList section */
		367BF48E1D0568FA00F66593 /* Build configuration list for PBXProject "SampleMusicPlayer" */ = {
			isa = XCConfigurationList;
			buildConfigurations = (
				367BF4B91D0568FA00F66593 /* Debug */,
				367BF4BA1D0568FA00F66593 /* Release */,
			);
			defaultConfigurationIsVisible = 0;
			defaultConfigurationName = Release;
		};
		367BF4BB1D0568FA00F66593 /* Build configuration list for PBXNativeTarget "SampleMusicPlayer" */ = {
			isa = XCConfigurationList;
			buildConfigurations = (
				367BF4BC1D0568FA00F66593 /* Debug */,
				367BF4BD1D0568FA00F66593 /* Release */,
			);
			defaultConfigurationIsVisible = 0;
			defaultConfigurationName = Release;
		};
		367BF4BE1D0568FA00F66593 /* Build configuration list for PBXNativeTarget "SampleMusicPlayerTests" */ = {
			isa = XCConfigurationList;
			buildConfigurations = (
				367BF4BF1D0568FA00F66593 /* Debug */,
				367BF4C01D0568FA00F66593 /* Release */,
			);
			defaultConfigurationIsVisible = 0;
			defaultConfigurationName = Release;
		};
		367BF4C11D0568FA00F66593 /* Build configuration list for PBXNativeTarget "SampleMusicPlayerUITests" */ = {
			isa = XCConfigurationList;
			buildConfigurations = (
				367BF4C21D0568FA00F66593 /* Debug */,
				367BF4C31D0568FA00F66593 /* Release */,
			);
			defaultConfigurationIsVisible = 0;
			defaultConfigurationName = Release;
		};
/* End XCConfigurationList section */
	};
	rootObject = 367BF48B1D0568FA00F66593 /* Project object */;
}
