// !$*UTF8*$!
{
	archiveVersion = 1;
	classes = {
	};
	objectVersion = 46;
	objects = {

/* Begin PBXBuildFile section */
		361DBFA11D2A6BAD003BE1C8 /* AudioFileManager.swift in Sources */ = {isa = PBXBuildFile; fileRef = 361DBF9D1D2A6BAD003BE1C8 /* AudioFileManager.swift */; };
		361DBFA21D2A6BAD003BE1C8 /* AudioFloatConverter.swift in Sources */ = {isa = PBXBuildFile; fileRef = 361DBF9E1D2A6BAD003BE1C8 /* AudioFloatConverter.swift */; };
		361DBFA31D2A6BAD003BE1C8 /* AudioOutput.swift in Sources */ = {isa = PBXBuildFile; fileRef = 361DBF9F1D2A6BAD003BE1C8 /* AudioOutput.swift */; };
		361DBFA41D2A6BAD003BE1C8 /* AudioPlayer.swift in Sources */ = {isa = PBXBuildFile; fileRef = 361DBFA01D2A6BAD003BE1C8 /* AudioPlayer.swift */; };
		362AAFFE1D33764C003B7B6F /* block_objects.c in Sources */ = {isa = PBXBuildFile; fileRef = 362AAFEE1D33764C003B7B6F /* block_objects.c */; };
		362AAFFF1D33764C003B7B6F /* buffer.c in Sources */ = {isa = PBXBuildFile; fileRef = 362AAFF01D33764C003B7B6F /* buffer.c */; };
		362AB0001D33764C003B7B6F /* image.c in Sources */ = {isa = PBXBuildFile; fileRef = 362AAFF21D33764C003B7B6F /* image.c */; };
		362AB0011D33764C003B7B6F /* player.c in Sources */ = {isa = PBXBuildFile; fileRef = 362AAFF41D33764C003B7B6F /* player.c */; };
		362AB0021D33764C003B7B6F /* program.c in Sources */ = {isa = PBXBuildFile; fileRef = 362AAFF61D33764C003B7B6F /* program.c */; };
		362AB0031D33764C003B7B6F /* shader_processor.c in Sources */ = {isa = PBXBuildFile; fileRef = 362AAFF81D33764C003B7B6F /* shader_processor.c */; };
		362AB0041D33764C003B7B6F /* shader.c in Sources */ = {isa = PBXBuildFile; fileRef = 362AAFFA1D33764C003B7B6F /* shader.c */; };
		362AB0051D33764C003B7B6F /* texture.c in Sources */ = {isa = PBXBuildFile; fileRef = 362AAFFC1D33764C003B7B6F /* texture.c */; };
		362AB00D1D337679003B7B6F /* platform_file_utils.c in Sources */ = {isa = PBXBuildFile; fileRef = 362AB0081D337679003B7B6F /* platform_file_utils.c */; };
		362AB00E1D337679003B7B6F /* platform_log.c in Sources */ = {isa = PBXBuildFile; fileRef = 362AB00A1D337679003B7B6F /* platform_log.c */; };
		362AB0251D3376A5003B7B6F /* png.c in Sources */ = {isa = PBXBuildFile; fileRef = 362AB00F1D3376A5003B7B6F /* png.c */; };
		362AB0261D3376A5003B7B6F /* pngerror.c in Sources */ = {isa = PBXBuildFile; fileRef = 362AB0131D3376A5003B7B6F /* pngerror.c */; };
		362AB0271D3376A5003B7B6F /* pngget.c in Sources */ = {isa = PBXBuildFile; fileRef = 362AB0141D3376A5003B7B6F /* pngget.c */; };
		362AB0281D3376A5003B7B6F /* pngmem.c in Sources */ = {isa = PBXBuildFile; fileRef = 362AB0171D3376A5003B7B6F /* pngmem.c */; };
		362AB0291D3376A5003B7B6F /* pngpread.c in Sources */ = {isa = PBXBuildFile; fileRef = 362AB0181D3376A5003B7B6F /* pngpread.c */; };
		362AB02A1D3376A5003B7B6F /* pngread.c in Sources */ = {isa = PBXBuildFile; fileRef = 362AB01A1D3376A5003B7B6F /* pngread.c */; };
		362AB02B1D3376A5003B7B6F /* pngrio.c in Sources */ = {isa = PBXBuildFile; fileRef = 362AB01B1D3376A5003B7B6F /* pngrio.c */; };
		362AB02C1D3376A5003B7B6F /* pngrtran.c in Sources */ = {isa = PBXBuildFile; fileRef = 362AB01C1D3376A5003B7B6F /* pngrtran.c */; };
		362AB02D1D3376A5003B7B6F /* pngrutil.c in Sources */ = {isa = PBXBuildFile; fileRef = 362AB01D1D3376A5003B7B6F /* pngrutil.c */; };
		362AB02E1D3376A5003B7B6F /* pngset.c in Sources */ = {isa = PBXBuildFile; fileRef = 362AB01E1D3376A5003B7B6F /* pngset.c */; };
		362AB02F1D3376A5003B7B6F /* pngtrans.c in Sources */ = {isa = PBXBuildFile; fileRef = 362AB0201D3376A5003B7B6F /* pngtrans.c */; };
		362AB0301D3376A5003B7B6F /* pngwio.c in Sources */ = {isa = PBXBuildFile; fileRef = 362AB0211D3376A5003B7B6F /* pngwio.c */; };
		362AB0311D3376A5003B7B6F /* pngwrite.c in Sources */ = {isa = PBXBuildFile; fileRef = 362AB0221D3376A5003B7B6F /* pngwrite.c */; };
		362AB0321D3376A5003B7B6F /* pngwtran.c in Sources */ = {isa = PBXBuildFile; fileRef = 362AB0231D3376A5003B7B6F /* pngwtran.c */; };
		362AB0331D3376A5003B7B6F /* pngwutil.c in Sources */ = {isa = PBXBuildFile; fileRef = 362AB0241D3376A5003B7B6F /* pngwutil.c */; };
		36378E7A1D2BAB3B004AB0B4 /* GLKit.framework in Frameworks */ = {isa = PBXBuildFile; fileRef = 36378E791D2BAB3B004AB0B4 /* GLKit.framework */; };
		36378E8D1D2BAF77004AB0B4 /* libz.tbd in Frameworks */ = {isa = PBXBuildFile; fileRef = 36378E8C1D2BAF77004AB0B4 /* libz.tbd */; };
		36378E8F1D2BBFE6004AB0B4 /* platform_asset_utils.m in Sources */ = {isa = PBXBuildFile; fileRef = 36378E8E1D2BBFE6004AB0B4 /* platform_asset_utils.m */; };
		3641205D1D129B5B00AFBF22 /* OpenGLES+Extension.swift in Sources */ = {isa = PBXBuildFile; fileRef = 3641205C1D129B5B00AFBF22 /* OpenGLES+Extension.swift */; };
		364120601D12C11D00AFBF22 /* BlockObject.swift in Sources */ = {isa = PBXBuildFile; fileRef = 3641205F1D12C11D00AFBF22 /* BlockObject.swift */; };
		3647C6941E0BC03D0066F2E6 /* Bar.fsh in Resources */ = {isa = PBXBuildFile; fileRef = 3647C68C1E0BC03D0066F2E6 /* Bar.fsh */; };
		3647C6951E0BC03D0066F2E6 /* Bar.vsh in Resources */ = {isa = PBXBuildFile; fileRef = 3647C68D1E0BC03D0066F2E6 /* Bar.vsh */; };
		3647C6961E0BC03D0066F2E6 /* Block.fsh in Resources */ = {isa = PBXBuildFile; fileRef = 3647C68E1E0BC03D0066F2E6 /* Block.fsh */; };
		3647C6971E0BC03D0066F2E6 /* Block.vsh in Resources */ = {isa = PBXBuildFile; fileRef = 3647C68F1E0BC03D0066F2E6 /* Block.vsh */; };
		3647C6981E0BC03D0066F2E6 /* bar_32.png in Resources */ = {isa = PBXBuildFile; fileRef = 3647C6911E0BC03D0066F2E6 /* bar_32.png */; };
		3647C6991E0BC03D0066F2E6 /* bar_64.png in Resources */ = {isa = PBXBuildFile; fileRef = 3647C6921E0BC03D0066F2E6 /* bar_64.png */; };
		3647C69A1E0BC03D0066F2E6 /* block_64.png in Resources */ = {isa = PBXBuildFile; fileRef = 3647C6931E0BC03D0066F2E6 /* block_64.png */; };
		364D2EF71D2E172D0092340E /* Basic_Beat.wav in Resources */ = {isa = PBXBuildFile; fileRef = 364D2EF31D2E172D0092340E /* Basic_Beat.wav */; };
		364D2EF81D2E172D0092340E /* Fill.wav in Resources */ = {isa = PBXBuildFile; fileRef = 364D2EF41D2E172D0092340E /* Fill.wav */; };
		364D2EF91D2E172D0092340E /* Samba-drum-beat-115-bpm.wav in Resources */ = {isa = PBXBuildFile; fileRef = 364D2EF51D2E172D0092340E /* Samba-drum-beat-115-bpm.wav */; };
		364D2EFA1D2E172D0092340E /* winamp.wav in Resources */ = {isa = PBXBuildFile; fileRef = 364D2EF61D2E172D0092340E /* winamp.wav */; };
		36533D221D140B6A007D3622 /* SampleDotViewController.swift in Sources */ = {isa = PBXBuildFile; fileRef = 36533D211D140B6A007D3622 /* SampleDotViewController.swift */; };
		366B56061D06A8B300C3B2B8 /* CoreAudio.framework in Frameworks */ = {isa = PBXBuildFile; fileRef = 366B56051D06A8B300C3B2B8 /* CoreAudio.framework */; };
		366B56081D06A9BB00C3B2B8 /* AVFoundation.framework in Frameworks */ = {isa = PBXBuildFile; fileRef = 366B56071D06A9BB00C3B2B8 /* AVFoundation.framework */; };
		366B562D1D06AE2D00C3B2B8 /* EZAudio.m in Sources */ = {isa = PBXBuildFile; fileRef = 366B560B1D06AE2D00C3B2B8 /* EZAudio.m */; };
		366B562E1D06AE2D00C3B2B8 /* EZAudioDevice.m in Sources */ = {isa = PBXBuildFile; fileRef = 366B560D1D06AE2D00C3B2B8 /* EZAudioDevice.m */; };
		366B562F1D06AE2D00C3B2B8 /* EZAudioDisplayLink.m in Sources */ = {isa = PBXBuildFile; fileRef = 366B560F1D06AE2D00C3B2B8 /* EZAudioDisplayLink.m */; };
		366B56301D06AE2D00C3B2B8 /* EZAudioFFT.m in Sources */ = {isa = PBXBuildFile; fileRef = 366B56111D06AE2D00C3B2B8 /* EZAudioFFT.m */; };
		366B56311D06AE2D00C3B2B8 /* EZAudioFile.m in Sources */ = {isa = PBXBuildFile; fileRef = 366B56131D06AE2D00C3B2B8 /* EZAudioFile.m */; };
		366B56321D06AE2D00C3B2B8 /* EZAudioFloatConverter.m in Sources */ = {isa = PBXBuildFile; fileRef = 366B56151D06AE2D00C3B2B8 /* EZAudioFloatConverter.m */; };
		366B56331D06AE2D00C3B2B8 /* EZAudioFloatData.m in Sources */ = {isa = PBXBuildFile; fileRef = 366B56171D06AE2D00C3B2B8 /* EZAudioFloatData.m */; };
		366B56341D06AE2D00C3B2B8 /* EZAudioPlayer.m in Sources */ = {isa = PBXBuildFile; fileRef = 366B561B1D06AE2D00C3B2B8 /* EZAudioPlayer.m */; };
		366B56351D06AE2D00C3B2B8 /* EZAudioPlot.m in Sources */ = {isa = PBXBuildFile; fileRef = 366B561D1D06AE2D00C3B2B8 /* EZAudioPlot.m */; };
		366B56361D06AE2D00C3B2B8 /* EZAudioPlotGL.m in Sources */ = {isa = PBXBuildFile; fileRef = 366B561F1D06AE2D00C3B2B8 /* EZAudioPlotGL.m */; };
		366B56371D06AE2D00C3B2B8 /* EZAudioUtilities.m in Sources */ = {isa = PBXBuildFile; fileRef = 366B56211D06AE2D00C3B2B8 /* EZAudioUtilities.m */; };
		366B56381D06AE2D00C3B2B8 /* EZMicrophone.m in Sources */ = {isa = PBXBuildFile; fileRef = 366B56231D06AE2D00C3B2B8 /* EZMicrophone.m */; };
		366B56391D06AE2D00C3B2B8 /* EZOutput.m in Sources */ = {isa = PBXBuildFile; fileRef = 366B56251D06AE2D00C3B2B8 /* EZOutput.m */; };
		366B563A1D06AE2D00C3B2B8 /* EZPlot.m in Sources */ = {isa = PBXBuildFile; fileRef = 366B56271D06AE2D00C3B2B8 /* EZPlot.m */; };
		366B563B1D06AE2D00C3B2B8 /* EZRecorder.m in Sources */ = {isa = PBXBuildFile; fileRef = 366B56291D06AE2D00C3B2B8 /* EZRecorder.m */; };
		366B563C1D06AE2D00C3B2B8 /* Info.plist in Resources */ = {isa = PBXBuildFile; fileRef = 366B562A1D06AE2D00C3B2B8 /* Info.plist */; };
		366B563D1D06AE2D00C3B2B8 /* TPCircularBuffer.c in Sources */ = {isa = PBXBuildFile; fileRef = 366B562B1D06AE2D00C3B2B8 /* TPCircularBuffer.c */; };
		366B56401D06BC3500C3B2B8 /* AudioDisplayLink.swift in Sources */ = {isa = PBXBuildFile; fileRef = 366B563F1D06BC3500C3B2B8 /* AudioDisplayLink.swift */; };
		366B56431D06C46300C3B2B8 /* AudioPlotView.swift in Sources */ = {isa = PBXBuildFile; fileRef = 366B56421D06C46300C3B2B8 /* AudioPlotView.swift */; };
		366B56441D06D75900C3B2B8 /* OpenGLES.framework in Frameworks */ = {isa = PBXBuildFile; fileRef = 367BF4CA1D05691700F66593 /* OpenGLES.framework */; };
		367BF4971D0568FA00F66593 /* AppDelegate.swift in Sources */ = {isa = PBXBuildFile; fileRef = 367BF4961D0568FA00F66593 /* AppDelegate.swift */; };
		367BF4991D0568FA00F66593 /* ViewController.swift in Sources */ = {isa = PBXBuildFile; fileRef = 367BF4981D0568FA00F66593 /* ViewController.swift */; };
		367BF49C1D0568FA00F66593 /* Main.storyboard in Resources */ = {isa = PBXBuildFile; fileRef = 367BF49A1D0568FA00F66593 /* Main.storyboard */; };
		367BF49E1D0568FA00F66593 /* Assets.xcassets in Resources */ = {isa = PBXBuildFile; fileRef = 367BF49D1D0568FA00F66593 /* Assets.xcassets */; };
		367BF4A11D0568FA00F66593 /* LaunchScreen.storyboard in Resources */ = {isa = PBXBuildFile; fileRef = 367BF49F1D0568FA00F66593 /* LaunchScreen.storyboard */; };
		367BF4AC1D0568FA00F66593 /* SampleMusicPlayerTests.swift in Sources */ = {isa = PBXBuildFile; fileRef = 367BF4AB1D0568FA00F66593 /* SampleMusicPlayerTests.swift */; };
		367BF4B71D0568FA00F66593 /* SampleMusicPlayerUITests.swift in Sources */ = {isa = PBXBuildFile; fileRef = 367BF4B61D0568FA00F66593 /* SampleMusicPlayerUITests.swift */; };
		367BF4C51D05690800F66593 /* UIKit.framework in Frameworks */ = {isa = PBXBuildFile; fileRef = 367BF4C41D05690800F66593 /* UIKit.framework */; };
		367BF4C71D05690E00F66593 /* QuartzCore.framework in Frameworks */ = {isa = PBXBuildFile; fileRef = 367BF4C61D05690E00F66593 /* QuartzCore.framework */; };
		367BF4C91D05691200F66593 /* CoreGraphics.framework in Frameworks */ = {isa = PBXBuildFile; fileRef = 367BF4C81D05691200F66593 /* CoreGraphics.framework */; };
		367BF4CD1D05691C00F66593 /* Foundation.framework in Frameworks */ = {isa = PBXBuildFile; fileRef = 367BF4CC1D05691C00F66593 /* Foundation.framework */; };
		367BF4D51D056F1A00F66593 /* Utils.swift in Sources */ = {isa = PBXBuildFile; fileRef = 367BF4D41D056F1A00F66593 /* Utils.swift */; };
		3692B6D71D155E8200241B5C /* CustomPlotView.swift in Sources */ = {isa = PBXBuildFile; fileRef = 3692B6D61D155E8200241B5C /* CustomPlotView.swift */; };
		36DC30891D2CC6DB0054E1DA /* BarShader.swift in Sources */ = {isa = PBXBuildFile; fileRef = 36DC30821D2CC6DB0054E1DA /* BarShader.swift */; };
		36DC308C1D2CC6DB0054E1DA /* BlockShader.swift in Sources */ = {isa = PBXBuildFile; fileRef = 36DC30851D2CC6DB0054E1DA /* BlockShader.swift */; };
		36DC308D1D2CC6DB0054E1DA /* ShaderProcessor.swift in Sources */ = {isa = PBXBuildFile; fileRef = 36DC30861D2CC6DB0054E1DA /* ShaderProcessor.swift */; };
/* End PBXBuildFile section */

/* Begin PBXContainerItemProxy section */
		367BF4A81D0568FA00F66593 /* PBXContainerItemProxy */ = {
			isa = PBXContainerItemProxy;
			containerPortal = 367BF48B1D0568FA00F66593 /* Project object */;
			proxyType = 1;
			remoteGlobalIDString = 367BF4921D0568FA00F66593;
			remoteInfo = SampleMusicPlayer;
		};
		367BF4B31D0568FA00F66593 /* PBXContainerItemProxy */ = {
			isa = PBXContainerItemProxy;
			containerPortal = 367BF48B1D0568FA00F66593 /* Project object */;
			proxyType = 1;
			remoteGlobalIDString = 367BF4921D0568FA00F66593;
			remoteInfo = SampleMusicPlayer;
		};
/* End PBXContainerItemProxy section */

/* Begin PBXFileReference section */
		361DBF9D1D2A6BAD003BE1C8 /* AudioFileManager.swift */ = {isa = PBXFileReference; fileEncoding = 4; lastKnownFileType = sourcecode.swift; name = AudioFileManager.swift; path = Components/AudioFileManager.swift; sourceTree = "<group>"; };
		361DBF9E1D2A6BAD003BE1C8 /* AudioFloatConverter.swift */ = {isa = PBXFileReference; fileEncoding = 4; lastKnownFileType = sourcecode.swift; name = AudioFloatConverter.swift; path = Components/AudioFloatConverter.swift; sourceTree = "<group>"; };
		361DBF9F1D2A6BAD003BE1C8 /* AudioOutput.swift */ = {isa = PBXFileReference; fileEncoding = 4; lastKnownFileType = sourcecode.swift; name = AudioOutput.swift; path = Components/AudioOutput.swift; sourceTree = "<group>"; };
		361DBFA01D2A6BAD003BE1C8 /* AudioPlayer.swift */ = {isa = PBXFileReference; fileEncoding = 4; lastKnownFileType = sourcecode.swift; name = AudioPlayer.swift; path = Components/AudioPlayer.swift; sourceTree = "<group>"; };
		362AAFEE1D33764C003B7B6F /* block_objects.c */ = {isa = PBXFileReference; fileEncoding = 4; lastKnownFileType = sourcecode.c.c; path = block_objects.c; sourceTree = "<group>"; };
		362AAFEF1D33764C003B7B6F /* block_objects.h */ = {isa = PBXFileReference; fileEncoding = 4; lastKnownFileType = sourcecode.c.h; path = block_objects.h; sourceTree = "<group>"; };
		362AAFF01D33764C003B7B6F /* buffer.c */ = {isa = PBXFileReference; fileEncoding = 4; lastKnownFileType = sourcecode.c.c; path = buffer.c; sourceTree = "<group>"; };
		362AAFF11D33764C003B7B6F /* buffer.h */ = {isa = PBXFileReference; fileEncoding = 4; lastKnownFileType = sourcecode.c.h; path = buffer.h; sourceTree = "<group>"; };
		362AAFF21D33764C003B7B6F /* image.c */ = {isa = PBXFileReference; fileEncoding = 4; lastKnownFileType = sourcecode.c.c; path = image.c; sourceTree = "<group>"; };
		362AAFF31D33764C003B7B6F /* image.h */ = {isa = PBXFileReference; fileEncoding = 4; lastKnownFileType = sourcecode.c.h; path = image.h; sourceTree = "<group>"; };
		362AAFF41D33764C003B7B6F /* player.c */ = {isa = PBXFileReference; fileEncoding = 4; lastKnownFileType = sourcecode.c.c; path = player.c; sourceTree = "<group>"; };
		362AAFF51D33764C003B7B6F /* player.h */ = {isa = PBXFileReference; fileEncoding = 4; lastKnownFileType = sourcecode.c.h; path = player.h; sourceTree = "<group>"; };
		362AAFF61D33764C003B7B6F /* program.c */ = {isa = PBXFileReference; fileEncoding = 4; lastKnownFileType = sourcecode.c.c; path = program.c; sourceTree = "<group>"; };
		362AAFF71D33764C003B7B6F /* program.h */ = {isa = PBXFileReference; fileEncoding = 4; lastKnownFileType = sourcecode.c.h; path = program.h; sourceTree = "<group>"; };
		362AAFF81D33764C003B7B6F /* shader_processor.c */ = {isa = PBXFileReference; fileEncoding = 4; lastKnownFileType = sourcecode.c.c; path = shader_processor.c; sourceTree = "<group>"; };
		362AAFF91D33764C003B7B6F /* shader_processor.h */ = {isa = PBXFileReference; fileEncoding = 4; lastKnownFileType = sourcecode.c.h; path = shader_processor.h; sourceTree = "<group>"; };
		362AAFFA1D33764C003B7B6F /* shader.c */ = {isa = PBXFileReference; fileEncoding = 4; lastKnownFileType = sourcecode.c.c; path = shader.c; sourceTree = "<group>"; };
		362AAFFB1D33764C003B7B6F /* shader.h */ = {isa = PBXFileReference; fileEncoding = 4; lastKnownFileType = sourcecode.c.h; path = shader.h; sourceTree = "<group>"; };
		362AAFFC1D33764C003B7B6F /* texture.c */ = {isa = PBXFileReference; fileEncoding = 4; lastKnownFileType = sourcecode.c.c; path = texture.c; sourceTree = "<group>"; };
		362AAFFD1D33764C003B7B6F /* texture.h */ = {isa = PBXFileReference; fileEncoding = 4; lastKnownFileType = sourcecode.c.h; path = texture.h; sourceTree = "<group>"; };
		362AB0071D337679003B7B6F /* platform_asset_utils.h */ = {isa = PBXFileReference; fileEncoding = 4; lastKnownFileType = sourcecode.c.h; path = platform_asset_utils.h; sourceTree = "<group>"; };
		362AB0081D337679003B7B6F /* platform_file_utils.c */ = {isa = PBXFileReference; fileEncoding = 4; lastKnownFileType = sourcecode.c.c; path = platform_file_utils.c; sourceTree = "<group>"; };
		362AB0091D337679003B7B6F /* platform_file_utils.h */ = {isa = PBXFileReference; fileEncoding = 4; lastKnownFileType = sourcecode.c.h; path = platform_file_utils.h; sourceTree = "<group>"; };
		362AB00A1D337679003B7B6F /* platform_log.c */ = {isa = PBXFileReference; fileEncoding = 4; lastKnownFileType = sourcecode.c.c; path = platform_log.c; sourceTree = "<group>"; };
		362AB00B1D337679003B7B6F /* platform_log.h */ = {isa = PBXFileReference; fileEncoding = 4; lastKnownFileType = sourcecode.c.h; path = platform_log.h; sourceTree = "<group>"; };
		362AB00C1D337679003B7B6F /* platform_macros.h */ = {isa = PBXFileReference; fileEncoding = 4; lastKnownFileType = sourcecode.c.h; path = platform_macros.h; sourceTree = "<group>"; };
		362AB00F1D3376A5003B7B6F /* png.c */ = {isa = PBXFileReference; fileEncoding = 4; lastKnownFileType = sourcecode.c.c; path = png.c; sourceTree = "<group>"; };
		362AB0101D3376A5003B7B6F /* png.h */ = {isa = PBXFileReference; fileEncoding = 4; lastKnownFileType = sourcecode.c.h; path = png.h; sourceTree = "<group>"; };
		362AB0111D3376A5003B7B6F /* pngconf.h */ = {isa = PBXFileReference; fileEncoding = 4; lastKnownFileType = sourcecode.c.h; path = pngconf.h; sourceTree = "<group>"; };
		362AB0121D3376A5003B7B6F /* pngdebug.h */ = {isa = PBXFileReference; fileEncoding = 4; lastKnownFileType = sourcecode.c.h; path = pngdebug.h; sourceTree = "<group>"; };
		362AB0131D3376A5003B7B6F /* pngerror.c */ = {isa = PBXFileReference; fileEncoding = 4; lastKnownFileType = sourcecode.c.c; path = pngerror.c; sourceTree = "<group>"; };
		362AB0141D3376A5003B7B6F /* pngget.c */ = {isa = PBXFileReference; fileEncoding = 4; lastKnownFileType = sourcecode.c.c; path = pngget.c; sourceTree = "<group>"; };
		362AB0151D3376A5003B7B6F /* pnginfo.h */ = {isa = PBXFileReference; fileEncoding = 4; lastKnownFileType = sourcecode.c.h; path = pnginfo.h; sourceTree = "<group>"; };
		362AB0161D3376A5003B7B6F /* pnglibconf.h */ = {isa = PBXFileReference; fileEncoding = 4; lastKnownFileType = sourcecode.c.h; path = pnglibconf.h; sourceTree = "<group>"; };
		362AB0171D3376A5003B7B6F /* pngmem.c */ = {isa = PBXFileReference; fileEncoding = 4; lastKnownFileType = sourcecode.c.c; path = pngmem.c; sourceTree = "<group>"; };
		362AB0181D3376A5003B7B6F /* pngpread.c */ = {isa = PBXFileReference; fileEncoding = 4; lastKnownFileType = sourcecode.c.c; path = pngpread.c; sourceTree = "<group>"; };
		362AB0191D3376A5003B7B6F /* pngpriv.h */ = {isa = PBXFileReference; fileEncoding = 4; lastKnownFileType = sourcecode.c.h; path = pngpriv.h; sourceTree = "<group>"; };
		362AB01A1D3376A5003B7B6F /* pngread.c */ = {isa = PBXFileReference; fileEncoding = 4; lastKnownFileType = sourcecode.c.c; path = pngread.c; sourceTree = "<group>"; };
		362AB01B1D3376A5003B7B6F /* pngrio.c */ = {isa = PBXFileReference; fileEncoding = 4; lastKnownFileType = sourcecode.c.c; path = pngrio.c; sourceTree = "<group>"; };
		362AB01C1D3376A5003B7B6F /* pngrtran.c */ = {isa = PBXFileReference; fileEncoding = 4; lastKnownFileType = sourcecode.c.c; path = pngrtran.c; sourceTree = "<group>"; };
		362AB01D1D3376A5003B7B6F /* pngrutil.c */ = {isa = PBXFileReference; fileEncoding = 4; lastKnownFileType = sourcecode.c.c; path = pngrutil.c; sourceTree = "<group>"; };
		362AB01E1D3376A5003B7B6F /* pngset.c */ = {isa = PBXFileReference; fileEncoding = 4; lastKnownFileType = sourcecode.c.c; path = pngset.c; sourceTree = "<group>"; };
		362AB01F1D3376A5003B7B6F /* pngstruct.h */ = {isa = PBXFileReference; fileEncoding = 4; lastKnownFileType = sourcecode.c.h; path = pngstruct.h; sourceTree = "<group>"; };
		362AB0201D3376A5003B7B6F /* pngtrans.c */ = {isa = PBXFileReference; fileEncoding = 4; lastKnownFileType = sourcecode.c.c; path = pngtrans.c; sourceTree = "<group>"; };
		362AB0211D3376A5003B7B6F /* pngwio.c */ = {isa = PBXFileReference; fileEncoding = 4; lastKnownFileType = sourcecode.c.c; path = pngwio.c; sourceTree = "<group>"; };
		362AB0221D3376A5003B7B6F /* pngwrite.c */ = {isa = PBXFileReference; fileEncoding = 4; lastKnownFileType = sourcecode.c.c; path = pngwrite.c; sourceTree = "<group>"; };
		362AB0231D3376A5003B7B6F /* pngwtran.c */ = {isa = PBXFileReference; fileEncoding = 4; lastKnownFileType = sourcecode.c.c; path = pngwtran.c; sourceTree = "<group>"; };
		362AB0241D3376A5003B7B6F /* pngwutil.c */ = {isa = PBXFileReference; fileEncoding = 4; lastKnownFileType = sourcecode.c.c; path = pngwutil.c; sourceTree = "<group>"; };
		362AB0341D337711003B7B6F /* linmath.h */ = {isa = PBXFileReference; fileEncoding = 4; lastKnownFileType = sourcecode.c.h; path = linmath.h; sourceTree = "<group>"; };
		36378E791D2BAB3B004AB0B4 /* GLKit.framework */ = {isa = PBXFileReference; lastKnownFileType = wrapper.framework; name = GLKit.framework; path = System/Library/Frameworks/GLKit.framework; sourceTree = SDKROOT; };
		36378E8A1D2BAEC1004AB0B4 /* CoreFoundation.framework */ = {isa = PBXFileReference; lastKnownFileType = wrapper.framework; name = CoreFoundation.framework; path = System/Library/Frameworks/CoreFoundation.framework; sourceTree = SDKROOT; };
		36378E8C1D2BAF77004AB0B4 /* libz.tbd */ = {isa = PBXFileReference; lastKnownFileType = "sourcecode.text-based-dylib-definition"; name = libz.tbd; path = usr/lib/libz.tbd; sourceTree = SDKROOT; };
		36378E8E1D2BBFE6004AB0B4 /* platform_asset_utils.m */ = {isa = PBXFileReference; fileEncoding = 4; lastKnownFileType = sourcecode.c.objc; name = platform_asset_utils.m; path = Components/platform_asset_utils.m; sourceTree = "<group>"; };
		3641205C1D129B5B00AFBF22 /* OpenGLES+Extension.swift */ = {isa = PBXFileReference; fileEncoding = 4; lastKnownFileType = sourcecode.swift; name = "OpenGLES+Extension.swift"; path = "Utils/OpenGLES+Extension.swift"; sourceTree = "<group>"; };
		3641205F1D12C11D00AFBF22 /* BlockObject.swift */ = {isa = PBXFileReference; fileEncoding = 4; lastKnownFileType = sourcecode.swift; name = BlockObject.swift; path = Components/BlockObject.swift; sourceTree = "<group>"; };
		3647C68C1E0BC03D0066F2E6 /* Bar.fsh */ = {isa = PBXFileReference; fileEncoding = 4; lastKnownFileType = sourcecode.glsl; path = Bar.fsh; sourceTree = "<group>"; };
		3647C68D1E0BC03D0066F2E6 /* Bar.vsh */ = {isa = PBXFileReference; fileEncoding = 4; lastKnownFileType = sourcecode.glsl; path = Bar.vsh; sourceTree = "<group>"; };
		3647C68E1E0BC03D0066F2E6 /* Block.fsh */ = {isa = PBXFileReference; fileEncoding = 4; lastKnownFileType = sourcecode.glsl; path = Block.fsh; sourceTree = "<group>"; };
		3647C68F1E0BC03D0066F2E6 /* Block.vsh */ = {isa = PBXFileReference; fileEncoding = 4; lastKnownFileType = sourcecode.glsl; path = Block.vsh; sourceTree = "<group>"; };
		3647C6911E0BC03D0066F2E6 /* bar_32.png */ = {isa = PBXFileReference; lastKnownFileType = image.png; path = bar_32.png; sourceTree = "<group>"; };
		3647C6921E0BC03D0066F2E6 /* bar_64.png */ = {isa = PBXFileReference; lastKnownFileType = image.png; path = bar_64.png; sourceTree = "<group>"; };
		3647C6931E0BC03D0066F2E6 /* block_64.png */ = {isa = PBXFileReference; lastKnownFileType = image.png; path = block_64.png; sourceTree = "<group>"; };
		364D2EF31D2E172D0092340E /* Basic_Beat.wav */ = {isa = PBXFileReference; lastKnownFileType = audio.wav; path = Basic_Beat.wav; sourceTree = "<group>"; };
		364D2EF41D2E172D0092340E /* Fill.wav */ = {isa = PBXFileReference; lastKnownFileType = audio.wav; path = Fill.wav; sourceTree = "<group>"; };
		364D2EF51D2E172D0092340E /* Samba-drum-beat-115-bpm.wav */ = {isa = PBXFileReference; lastKnownFileType = audio.wav; path = "Samba-drum-beat-115-bpm.wav"; sourceTree = "<group>"; };
		364D2EF61D2E172D0092340E /* winamp.wav */ = {isa = PBXFileReference; lastKnownFileType = audio.wav; path = winamp.wav; sourceTree = "<group>"; };
		36533D211D140B6A007D3622 /* SampleDotViewController.swift */ = {isa = PBXFileReference; fileEncoding = 4; lastKnownFileType = sourcecode.swift; name = SampleDotViewController.swift; path = ViewControllers/SampleDotViewController.swift; sourceTree = "<group>"; };
		366B56051D06A8B300C3B2B8 /* CoreAudio.framework */ = {isa = PBXFileReference; lastKnownFileType = wrapper.framework; name = CoreAudio.framework; path = System/Library/Frameworks/CoreAudio.framework; sourceTree = SDKROOT; };
		366B56071D06A9BB00C3B2B8 /* AVFoundation.framework */ = {isa = PBXFileReference; lastKnownFileType = wrapper.framework; name = AVFoundation.framework; path = System/Library/Frameworks/AVFoundation.framework; sourceTree = SDKROOT; };
		366B56091D06AE2D00C3B2B8 /* SampleMusicPlayer-Bridging-Header.h */ = {isa = PBXFileReference; lastKnownFileType = sourcecode.c.h; path = "SampleMusicPlayer-Bridging-Header.h"; sourceTree = "<group>"; };
		366B560A1D06AE2D00C3B2B8 /* EZAudio.h */ = {isa = PBXFileReference; fileEncoding = 4; lastKnownFileType = sourcecode.c.h; name = EZAudio.h; path = Libs/EZAudio/EZAudio.h; sourceTree = "<group>"; };
		366B560B1D06AE2D00C3B2B8 /* EZAudio.m */ = {isa = PBXFileReference; fileEncoding = 4; lastKnownFileType = sourcecode.c.objc; name = EZAudio.m; path = Libs/EZAudio/EZAudio.m; sourceTree = "<group>"; };
		366B560C1D06AE2D00C3B2B8 /* EZAudioDevice.h */ = {isa = PBXFileReference; fileEncoding = 4; lastKnownFileType = sourcecode.c.h; name = EZAudioDevice.h; path = Libs/EZAudio/EZAudioDevice.h; sourceTree = "<group>"; };
		366B560D1D06AE2D00C3B2B8 /* EZAudioDevice.m */ = {isa = PBXFileReference; fileEncoding = 4; lastKnownFileType = sourcecode.c.objc; name = EZAudioDevice.m; path = Libs/EZAudio/EZAudioDevice.m; sourceTree = "<group>"; };
		366B560E1D06AE2D00C3B2B8 /* EZAudioDisplayLink.h */ = {isa = PBXFileReference; fileEncoding = 4; lastKnownFileType = sourcecode.c.h; name = EZAudioDisplayLink.h; path = Libs/EZAudio/EZAudioDisplayLink.h; sourceTree = "<group>"; };
		366B560F1D06AE2D00C3B2B8 /* EZAudioDisplayLink.m */ = {isa = PBXFileReference; fileEncoding = 4; lastKnownFileType = sourcecode.c.objc; name = EZAudioDisplayLink.m; path = Libs/EZAudio/EZAudioDisplayLink.m; sourceTree = "<group>"; };
		366B56101D06AE2D00C3B2B8 /* EZAudioFFT.h */ = {isa = PBXFileReference; fileEncoding = 4; lastKnownFileType = sourcecode.c.h; name = EZAudioFFT.h; path = Libs/EZAudio/EZAudioFFT.h; sourceTree = "<group>"; };
		366B56111D06AE2D00C3B2B8 /* EZAudioFFT.m */ = {isa = PBXFileReference; fileEncoding = 4; lastKnownFileType = sourcecode.c.objc; name = EZAudioFFT.m; path = Libs/EZAudio/EZAudioFFT.m; sourceTree = "<group>"; };
		366B56121D06AE2D00C3B2B8 /* EZAudioFile.h */ = {isa = PBXFileReference; fileEncoding = 4; lastKnownFileType = sourcecode.c.h; name = EZAudioFile.h; path = Libs/EZAudio/EZAudioFile.h; sourceTree = "<group>"; };
		366B56131D06AE2D00C3B2B8 /* EZAudioFile.m */ = {isa = PBXFileReference; fileEncoding = 4; lastKnownFileType = sourcecode.c.objc; name = EZAudioFile.m; path = Libs/EZAudio/EZAudioFile.m; sourceTree = "<group>"; };
		366B56141D06AE2D00C3B2B8 /* EZAudioFloatConverter.h */ = {isa = PBXFileReference; fileEncoding = 4; lastKnownFileType = sourcecode.c.h; name = EZAudioFloatConverter.h; path = Libs/EZAudio/EZAudioFloatConverter.h; sourceTree = "<group>"; };
		366B56151D06AE2D00C3B2B8 /* EZAudioFloatConverter.m */ = {isa = PBXFileReference; fileEncoding = 4; lastKnownFileType = sourcecode.c.objc; name = EZAudioFloatConverter.m; path = Libs/EZAudio/EZAudioFloatConverter.m; sourceTree = "<group>"; };
		366B56161D06AE2D00C3B2B8 /* EZAudioFloatData.h */ = {isa = PBXFileReference; fileEncoding = 4; lastKnownFileType = sourcecode.c.h; name = EZAudioFloatData.h; path = Libs/EZAudio/EZAudioFloatData.h; sourceTree = "<group>"; };
		366B56171D06AE2D00C3B2B8 /* EZAudioFloatData.m */ = {isa = PBXFileReference; fileEncoding = 4; lastKnownFileType = sourcecode.c.objc; name = EZAudioFloatData.m; path = Libs/EZAudio/EZAudioFloatData.m; sourceTree = "<group>"; };
		366B56181D06AE2D00C3B2B8 /* EZAudioiOS.h */ = {isa = PBXFileReference; fileEncoding = 4; lastKnownFileType = sourcecode.c.h; name = EZAudioiOS.h; path = Libs/EZAudio/EZAudioiOS.h; sourceTree = "<group>"; };
		366B56191D06AE2D00C3B2B8 /* EZAudioOSX.h */ = {isa = PBXFileReference; fileEncoding = 4; lastKnownFileType = sourcecode.c.h; name = EZAudioOSX.h; path = Libs/EZAudio/EZAudioOSX.h; sourceTree = "<group>"; };
		366B561A1D06AE2D00C3B2B8 /* EZAudioPlayer.h */ = {isa = PBXFileReference; fileEncoding = 4; lastKnownFileType = sourcecode.c.h; name = EZAudioPlayer.h; path = Libs/EZAudio/EZAudioPlayer.h; sourceTree = "<group>"; };
		366B561B1D06AE2D00C3B2B8 /* EZAudioPlayer.m */ = {isa = PBXFileReference; fileEncoding = 4; lastKnownFileType = sourcecode.c.objc; name = EZAudioPlayer.m; path = Libs/EZAudio/EZAudioPlayer.m; sourceTree = "<group>"; };
		366B561C1D06AE2D00C3B2B8 /* EZAudioPlot.h */ = {isa = PBXFileReference; fileEncoding = 4; lastKnownFileType = sourcecode.c.h; name = EZAudioPlot.h; path = Libs/EZAudio/EZAudioPlot.h; sourceTree = "<group>"; };
		366B561D1D06AE2D00C3B2B8 /* EZAudioPlot.m */ = {isa = PBXFileReference; fileEncoding = 4; lastKnownFileType = sourcecode.c.objc; name = EZAudioPlot.m; path = Libs/EZAudio/EZAudioPlot.m; sourceTree = "<group>"; };
		366B561E1D06AE2D00C3B2B8 /* EZAudioPlotGL.h */ = {isa = PBXFileReference; fileEncoding = 4; lastKnownFileType = sourcecode.c.h; name = EZAudioPlotGL.h; path = Libs/EZAudio/EZAudioPlotGL.h; sourceTree = "<group>"; };
		366B561F1D06AE2D00C3B2B8 /* EZAudioPlotGL.m */ = {isa = PBXFileReference; fileEncoding = 4; lastKnownFileType = sourcecode.c.objc; name = EZAudioPlotGL.m; path = Libs/EZAudio/EZAudioPlotGL.m; sourceTree = "<group>"; };
		366B56201D06AE2D00C3B2B8 /* EZAudioUtilities.h */ = {isa = PBXFileReference; fileEncoding = 4; lastKnownFileType = sourcecode.c.h; name = EZAudioUtilities.h; path = Libs/EZAudio/EZAudioUtilities.h; sourceTree = "<group>"; };
		366B56211D06AE2D00C3B2B8 /* EZAudioUtilities.m */ = {isa = PBXFileReference; fileEncoding = 4; lastKnownFileType = sourcecode.c.objc; name = EZAudioUtilities.m; path = Libs/EZAudio/EZAudioUtilities.m; sourceTree = "<group>"; };
		366B56221D06AE2D00C3B2B8 /* EZMicrophone.h */ = {isa = PBXFileReference; fileEncoding = 4; lastKnownFileType = sourcecode.c.h; name = EZMicrophone.h; path = Libs/EZAudio/EZMicrophone.h; sourceTree = "<group>"; };
		366B56231D06AE2D00C3B2B8 /* EZMicrophone.m */ = {isa = PBXFileReference; fileEncoding = 4; lastKnownFileType = sourcecode.c.objc; name = EZMicrophone.m; path = Libs/EZAudio/EZMicrophone.m; sourceTree = "<group>"; };
		366B56241D06AE2D00C3B2B8 /* EZOutput.h */ = {isa = PBXFileReference; fileEncoding = 4; lastKnownFileType = sourcecode.c.h; name = EZOutput.h; path = Libs/EZAudio/EZOutput.h; sourceTree = "<group>"; };
		366B56251D06AE2D00C3B2B8 /* EZOutput.m */ = {isa = PBXFileReference; fileEncoding = 4; lastKnownFileType = sourcecode.c.objc; name = EZOutput.m; path = Libs/EZAudio/EZOutput.m; sourceTree = "<group>"; };
		366B56261D06AE2D00C3B2B8 /* EZPlot.h */ = {isa = PBXFileReference; fileEncoding = 4; lastKnownFileType = sourcecode.c.h; name = EZPlot.h; path = Libs/EZAudio/EZPlot.h; sourceTree = "<group>"; };
		366B56271D06AE2D00C3B2B8 /* EZPlot.m */ = {isa = PBXFileReference; fileEncoding = 4; lastKnownFileType = sourcecode.c.objc; name = EZPlot.m; path = Libs/EZAudio/EZPlot.m; sourceTree = "<group>"; };
		366B56281D06AE2D00C3B2B8 /* EZRecorder.h */ = {isa = PBXFileReference; fileEncoding = 4; lastKnownFileType = sourcecode.c.h; name = EZRecorder.h; path = Libs/EZAudio/EZRecorder.h; sourceTree = "<group>"; };
		366B56291D06AE2D00C3B2B8 /* EZRecorder.m */ = {isa = PBXFileReference; fileEncoding = 4; lastKnownFileType = sourcecode.c.objc; name = EZRecorder.m; path = Libs/EZAudio/EZRecorder.m; sourceTree = "<group>"; };
		366B562A1D06AE2D00C3B2B8 /* Info.plist */ = {isa = PBXFileReference; fileEncoding = 4; lastKnownFileType = text.plist.xml; name = Info.plist; path = Libs/EZAudio/Info.plist; sourceTree = "<group>"; };
		366B562B1D06AE2D00C3B2B8 /* TPCircularBuffer.c */ = {isa = PBXFileReference; fileEncoding = 4; lastKnownFileType = sourcecode.c.c; name = TPCircularBuffer.c; path = Libs/EZAudio/TPCircularBuffer.c; sourceTree = "<group>"; };
		366B562C1D06AE2D00C3B2B8 /* TPCircularBuffer.h */ = {isa = PBXFileReference; fileEncoding = 4; lastKnownFileType = sourcecode.c.h; name = TPCircularBuffer.h; path = Libs/EZAudio/TPCircularBuffer.h; sourceTree = "<group>"; };
		366B563F1D06BC3500C3B2B8 /* AudioDisplayLink.swift */ = {isa = PBXFileReference; fileEncoding = 4; lastKnownFileType = sourcecode.swift; name = AudioDisplayLink.swift; path = Components/AudioDisplayLink.swift; sourceTree = "<group>"; };
		366B56421D06C46300C3B2B8 /* AudioPlotView.swift */ = {isa = PBXFileReference; fileEncoding = 4; lastKnownFileType = sourcecode.swift; name = AudioPlotView.swift; path = Components/AudioPlotView.swift; sourceTree = "<group>"; };
		367BF4931D0568FA00F66593 /* SampleMusicPlayer.app */ = {isa = PBXFileReference; explicitFileType = wrapper.application; includeInIndex = 0; path = SampleMusicPlayer.app; sourceTree = BUILT_PRODUCTS_DIR; };
		367BF4961D0568FA00F66593 /* AppDelegate.swift */ = {isa = PBXFileReference; lastKnownFileType = sourcecode.swift; path = AppDelegate.swift; sourceTree = "<group>"; };
		367BF4981D0568FA00F66593 /* ViewController.swift */ = {isa = PBXFileReference; lastKnownFileType = sourcecode.swift; path = ViewController.swift; sourceTree = "<group>"; };
		367BF49B1D0568FA00F66593 /* Base */ = {isa = PBXFileReference; lastKnownFileType = file.storyboard; name = Base; path = Base.lproj/Main.storyboard; sourceTree = "<group>"; };
		367BF49D1D0568FA00F66593 /* Assets.xcassets */ = {isa = PBXFileReference; lastKnownFileType = folder.assetcatalog; path = Assets.xcassets; sourceTree = "<group>"; };
		367BF4A01D0568FA00F66593 /* Base */ = {isa = PBXFileReference; lastKnownFileType = file.storyboard; name = Base; path = Base.lproj/LaunchScreen.storyboard; sourceTree = "<group>"; };
		367BF4A21D0568FA00F66593 /* Info.plist */ = {isa = PBXFileReference; lastKnownFileType = text.plist.xml; path = Info.plist; sourceTree = "<group>"; };
		367BF4A71D0568FA00F66593 /* SampleMusicPlayerTests.xctest */ = {isa = PBXFileReference; explicitFileType = wrapper.cfbundle; includeInIndex = 0; path = SampleMusicPlayerTests.xctest; sourceTree = BUILT_PRODUCTS_DIR; };
		367BF4AB1D0568FA00F66593 /* SampleMusicPlayerTests.swift */ = {isa = PBXFileReference; lastKnownFileType = sourcecode.swift; path = SampleMusicPlayerTests.swift; sourceTree = "<group>"; };
		367BF4AD1D0568FA00F66593 /* Info.plist */ = {isa = PBXFileReference; lastKnownFileType = text.plist.xml; path = Info.plist; sourceTree = "<group>"; };
		367BF4B21D0568FA00F66593 /* SampleMusicPlayerUITests.xctest */ = {isa = PBXFileReference; explicitFileType = wrapper.cfbundle; includeInIndex = 0; path = SampleMusicPlayerUITests.xctest; sourceTree = BUILT_PRODUCTS_DIR; };
		367BF4B61D0568FA00F66593 /* SampleMusicPlayerUITests.swift */ = {isa = PBXFileReference; lastKnownFileType = sourcecode.swift; path = SampleMusicPlayerUITests.swift; sourceTree = "<group>"; };
		367BF4B81D0568FA00F66593 /* Info.plist */ = {isa = PBXFileReference; lastKnownFileType = text.plist.xml; path = Info.plist; sourceTree = "<group>"; };
		367BF4C41D05690800F66593 /* UIKit.framework */ = {isa = PBXFileReference; lastKnownFileType = wrapper.framework; name = UIKit.framework; path = System/Library/Frameworks/UIKit.framework; sourceTree = SDKROOT; };
		367BF4C61D05690E00F66593 /* QuartzCore.framework */ = {isa = PBXFileReference; lastKnownFileType = wrapper.framework; name = QuartzCore.framework; path = System/Library/Frameworks/QuartzCore.framework; sourceTree = SDKROOT; };
		367BF4C81D05691200F66593 /* CoreGraphics.framework */ = {isa = PBXFileReference; lastKnownFileType = wrapper.framework; name = CoreGraphics.framework; path = System/Library/Frameworks/CoreGraphics.framework; sourceTree = SDKROOT; };
		367BF4CA1D05691700F66593 /* OpenGLES.framework */ = {isa = PBXFileReference; lastKnownFileType = wrapper.framework; name = OpenGLES.framework; path = System/Library/Frameworks/OpenGLES.framework; sourceTree = SDKROOT; };
		367BF4CC1D05691C00F66593 /* Foundation.framework */ = {isa = PBXFileReference; lastKnownFileType = wrapper.framework; name = Foundation.framework; path = System/Library/Frameworks/Foundation.framework; sourceTree = SDKROOT; };
		367BF4D41D056F1A00F66593 /* Utils.swift */ = {isa = PBXFileReference; fileEncoding = 4; lastKnownFileType = sourcecode.swift; name = Utils.swift; path = Utils/Utils.swift; sourceTree = "<group>"; };
		3692B6D61D155E8200241B5C /* CustomPlotView.swift */ = {isa = PBXFileReference; fileEncoding = 4; lastKnownFileType = sourcecode.swift; name = CustomPlotView.swift; path = Components/CustomPlotView.swift; sourceTree = "<group>"; };
		36DC30821D2CC6DB0054E1DA /* BarShader.swift */ = {isa = PBXFileReference; fileEncoding = 4; lastKnownFileType = sourcecode.swift; path = BarShader.swift; sourceTree = "<group>"; };
		36DC30851D2CC6DB0054E1DA /* BlockShader.swift */ = {isa = PBXFileReference; fileEncoding = 4; lastKnownFileType = sourcecode.swift; path = BlockShader.swift; sourceTree = "<group>"; };
		36DC30861D2CC6DB0054E1DA /* ShaderProcessor.swift */ = {isa = PBXFileReference; fileEncoding = 4; lastKnownFileType = sourcecode.swift; path = ShaderProcessor.swift; sourceTree = "<group>"; };
/* End PBXFileReference section */

/* Begin PBXFrameworksBuildPhase section */
		367BF4901D0568FA00F66593 /* Frameworks */ = {
			isa = PBXFrameworksBuildPhase;
			buildActionMask = 2147483647;
			files = (
				36378E8D1D2BAF77004AB0B4 /* libz.tbd in Frameworks */,
				36378E7A1D2BAB3B004AB0B4 /* GLKit.framework in Frameworks */,
				366B56441D06D75900C3B2B8 /* OpenGLES.framework in Frameworks */,
				366B56081D06A9BB00C3B2B8 /* AVFoundation.framework in Frameworks */,
				366B56061D06A8B300C3B2B8 /* CoreAudio.framework in Frameworks */,
				367BF4CD1D05691C00F66593 /* Foundation.framework in Frameworks */,
				367BF4C91D05691200F66593 /* CoreGraphics.framework in Frameworks */,
				367BF4C71D05690E00F66593 /* QuartzCore.framework in Frameworks */,
				367BF4C51D05690800F66593 /* UIKit.framework in Frameworks */,
			);
			runOnlyForDeploymentPostprocessing = 0;
		};
		367BF4A41D0568FA00F66593 /* Frameworks */ = {
			isa = PBXFrameworksBuildPhase;
			buildActionMask = 2147483647;
			files = (
			);
			runOnlyForDeploymentPostprocessing = 0;
		};
		367BF4AF1D0568FA00F66593 /* Frameworks */ = {
			isa = PBXFrameworksBuildPhase;
			buildActionMask = 2147483647;
			files = (
			);
			runOnlyForDeploymentPostprocessing = 0;
		};
/* End PBXFrameworksBuildPhase section */

/* Begin PBXGroup section */
		3603FF0B1D0EE9980027DBCF /* Missing */ = {
			isa = PBXGroup;
			children = (
				361DBF9D1D2A6BAD003BE1C8 /* AudioFileManager.swift */,
				361DBF9E1D2A6BAD003BE1C8 /* AudioFloatConverter.swift */,
				361DBF9F1D2A6BAD003BE1C8 /* AudioOutput.swift */,
				361DBFA01D2A6BAD003BE1C8 /* AudioPlayer.swift */,
			);
			name = Missing;
			sourceTree = "<group>";
		};
		362AAFEC1D3375EE003B7B6F /* linmath */ = {
			isa = PBXGroup;
			children = (
				362AB0341D337711003B7B6F /* linmath.h */,
			);
			name = linmath;
			path = ../Libraries/linmath;
			sourceTree = "<group>";
		};
		362AAFED1D337605003B7B6F /* libpng */ = {
			isa = PBXGroup;
			children = (
				362AB00F1D3376A5003B7B6F /* png.c */,
				362AB0101D3376A5003B7B6F /* png.h */,
				362AB0111D3376A5003B7B6F /* pngconf.h */,
				362AB0121D3376A5003B7B6F /* pngdebug.h */,
				362AB0131D3376A5003B7B6F /* pngerror.c */,
				362AB0141D3376A5003B7B6F /* pngget.c */,
				362AB0151D3376A5003B7B6F /* pnginfo.h */,
				362AB0161D3376A5003B7B6F /* pnglibconf.h */,
				362AB0171D3376A5003B7B6F /* pngmem.c */,
				362AB0181D3376A5003B7B6F /* pngpread.c */,
				362AB0191D3376A5003B7B6F /* pngpriv.h */,
				362AB01A1D3376A5003B7B6F /* pngread.c */,
				362AB01B1D3376A5003B7B6F /* pngrio.c */,
				362AB01C1D3376A5003B7B6F /* pngrtran.c */,
				362AB01D1D3376A5003B7B6F /* pngrutil.c */,
				362AB01E1D3376A5003B7B6F /* pngset.c */,
				362AB01F1D3376A5003B7B6F /* pngstruct.h */,
				362AB0201D3376A5003B7B6F /* pngtrans.c */,
				362AB0211D3376A5003B7B6F /* pngwio.c */,
				362AB0221D3376A5003B7B6F /* pngwrite.c */,
				362AB0231D3376A5003B7B6F /* pngwtran.c */,
				362AB0241D3376A5003B7B6F /* pngwutil.c */,
			);
			name = libpng;
			path = ../Libraries/libpng;
			sourceTree = "<group>";
		};
		362AB0061D33766A003B7B6F /* commons */ = {
			isa = PBXGroup;
			children = (
				362AB0071D337679003B7B6F /* platform_asset_utils.h */,
				362AB0081D337679003B7B6F /* platform_file_utils.c */,
				362AB0091D337679003B7B6F /* platform_file_utils.h */,
				362AB00A1D337679003B7B6F /* platform_log.c */,
				362AB00B1D337679003B7B6F /* platform_log.h */,
				362AB00C1D337679003B7B6F /* platform_macros.h */,
			);
			name = commons;
			path = ../Libraries/common;
			sourceTree = "<group>";
		};
		36378DC81D2B8941004AB0B4 /* Core */ = {
			isa = PBXGroup;
			children = (
				362AAFEE1D33764C003B7B6F /* block_objects.c */,
				362AAFEF1D33764C003B7B6F /* block_objects.h */,
				362AAFF01D33764C003B7B6F /* buffer.c */,
				362AAFF11D33764C003B7B6F /* buffer.h */,
				362AAFF21D33764C003B7B6F /* image.c */,
				362AAFF31D33764C003B7B6F /* image.h */,
				362AAFF41D33764C003B7B6F /* player.c */,
				362AAFF51D33764C003B7B6F /* player.h */,
				362AAFF61D33764C003B7B6F /* program.c */,
				362AAFF71D33764C003B7B6F /* program.h */,
				362AAFF81D33764C003B7B6F /* shader_processor.c */,
				362AAFF91D33764C003B7B6F /* shader_processor.h */,
				362AAFFA1D33764C003B7B6F /* shader.c */,
				362AAFFB1D33764C003B7B6F /* shader.h */,
				362AAFFC1D33764C003B7B6F /* texture.c */,
				362AAFFD1D33764C003B7B6F /* texture.h */,
			);
			name = Core;
			path = ../Libraries/Core;
			sourceTree = "<group>";
		};
		36378DE91D2B9BC0004AB0B4 /* Libs */ = {
			isa = PBXGroup;
			children = (
				362AB0061D33766A003B7B6F /* commons */,
				362AAFED1D337605003B7B6F /* libpng */,
				362AAFEC1D3375EE003B7B6F /* linmath */,
			);
			name = Libs;
			sourceTree = "<group>";
		};
		364120501D127F0300AFBF22 /* Shaders */ = {
			isa = PBXGroup;
			children = (
				36DC30821D2CC6DB0054E1DA /* BarShader.swift */,
				36DC30851D2CC6DB0054E1DA /* BlockShader.swift */,
				36DC30861D2CC6DB0054E1DA /* ShaderProcessor.swift */,
			);
			path = Shaders;
			sourceTree = "<group>";
		};
		364120591D129B1200AFBF22 /* Utils */ = {
			isa = PBXGroup;
			children = (
				3641205C1D129B5B00AFBF22 /* OpenGLES+Extension.swift */,
				367BF4D41D056F1A00F66593 /* Utils.swift */,
			);
			name = Utils;
			sourceTree = "<group>";
		};
		3647C68A1E0BC03D0066F2E6 /* Assets */ = {
			isa = PBXGroup;
			children = (
				3647C68B1E0BC03D0066F2E6 /* shaders */,
				3647C6901E0BC03D0066F2E6 /* textures */,
			);
			path = Assets;
			sourceTree = "<group>";
		};
		3647C68B1E0BC03D0066F2E6 /* shaders */ = {
			isa = PBXGroup;
			children = (
				3647C68C1E0BC03D0066F2E6 /* Bar.fsh */,
				3647C68D1E0BC03D0066F2E6 /* Bar.vsh */,
				3647C68E1E0BC03D0066F2E6 /* Block.fsh */,
				3647C68F1E0BC03D0066F2E6 /* Block.vsh */,
			);
			path = shaders;
			sourceTree = "<group>";
		};
		3647C6901E0BC03D0066F2E6 /* textures */ = {
			isa = PBXGroup;
			children = (
				3647C6911E0BC03D0066F2E6 /* bar_32.png */,
				3647C6921E0BC03D0066F2E6 /* bar_64.png */,
				3647C6931E0BC03D0066F2E6 /* block_64.png */,
			);
			path = textures;
			sourceTree = "<group>";
		};
		364D2EF21D2E16F70092340E /* voices */ = {
			isa = PBXGroup;
			children = (
				364D2EF31D2E172D0092340E /* Basic_Beat.wav */,
				364D2EF41D2E172D0092340E /* Fill.wav */,
				364D2EF51D2E172D0092340E /* Samba-drum-beat-115-bpm.wav */,
				364D2EF61D2E172D0092340E /* winamp.wav */,
			);
			path = voices;
			sourceTree = "<group>";
		};
		366B56041D069A0200C3B2B8 /* Resources */ = {
			isa = PBXGroup;
			children = (
				3647C68A1E0BC03D0066F2E6 /* Assets */,
				364D2EF21D2E16F70092340E /* voices */,
			);
			path = Resources;
			sourceTree = "<group>";
		};
		366B563E1D06AE3300C3B2B8 /* EZAudio */ = {
			isa = PBXGroup;
			children = (
				366B560A1D06AE2D00C3B2B8 /* EZAudio.h */,
				366B560B1D06AE2D00C3B2B8 /* EZAudio.m */,
				366B560C1D06AE2D00C3B2B8 /* EZAudioDevice.h */,
				366B560D1D06AE2D00C3B2B8 /* EZAudioDevice.m */,
				366B560E1D06AE2D00C3B2B8 /* EZAudioDisplayLink.h */,
				366B560F1D06AE2D00C3B2B8 /* EZAudioDisplayLink.m */,
				366B56101D06AE2D00C3B2B8 /* EZAudioFFT.h */,
				366B56111D06AE2D00C3B2B8 /* EZAudioFFT.m */,
				366B56121D06AE2D00C3B2B8 /* EZAudioFile.h */,
				366B56131D06AE2D00C3B2B8 /* EZAudioFile.m */,
				366B56141D06AE2D00C3B2B8 /* EZAudioFloatConverter.h */,
				366B56151D06AE2D00C3B2B8 /* EZAudioFloatConverter.m */,
				366B56161D06AE2D00C3B2B8 /* EZAudioFloatData.h */,
				366B56171D06AE2D00C3B2B8 /* EZAudioFloatData.m */,
				366B56181D06AE2D00C3B2B8 /* EZAudioiOS.h */,
				366B56191D06AE2D00C3B2B8 /* EZAudioOSX.h */,
				366B561A1D06AE2D00C3B2B8 /* EZAudioPlayer.h */,
				366B561B1D06AE2D00C3B2B8 /* EZAudioPlayer.m */,
				366B561C1D06AE2D00C3B2B8 /* EZAudioPlot.h */,
				366B561D1D06AE2D00C3B2B8 /* EZAudioPlot.m */,
				366B561E1D06AE2D00C3B2B8 /* EZAudioPlotGL.h */,
				366B561F1D06AE2D00C3B2B8 /* EZAudioPlotGL.m */,
				366B56201D06AE2D00C3B2B8 /* EZAudioUtilities.h */,
				366B56211D06AE2D00C3B2B8 /* EZAudioUtilities.m */,
				366B56221D06AE2D00C3B2B8 /* EZMicrophone.h */,
				366B56231D06AE2D00C3B2B8 /* EZMicrophone.m */,
				366B56241D06AE2D00C3B2B8 /* EZOutput.h */,
				366B56251D06AE2D00C3B2B8 /* EZOutput.m */,
				366B56261D06AE2D00C3B2B8 /* EZPlot.h */,
				366B56271D06AE2D00C3B2B8 /* EZPlot.m */,
				366B56281D06AE2D00C3B2B8 /* EZRecorder.h */,
				366B56291D06AE2D00C3B2B8 /* EZRecorder.m */,
				366B562A1D06AE2D00C3B2B8 /* Info.plist */,
				366B562B1D06AE2D00C3B2B8 /* TPCircularBuffer.c */,
				366B562C1D06AE2D00C3B2B8 /* TPCircularBuffer.h */,
			);
			name = EZAudio;
			sourceTree = "<group>";
		};
		366B56411D06C10900C3B2B8 /* Components */ = {
			isa = PBXGroup;
			children = (
				366B563F1D06BC3500C3B2B8 /* AudioDisplayLink.swift */,
				366B56421D06C46300C3B2B8 /* AudioPlotView.swift */,
				3692B6D61D155E8200241B5C /* CustomPlotView.swift */,
				3603FF0B1D0EE9980027DBCF /* Missing */,
				3641205F1D12C11D00AFBF22 /* BlockObject.swift */,
				36378E8E1D2BBFE6004AB0B4 /* platform_asset_utils.m */,
			);
			name = Components;
			sourceTree = "<group>";
		};
		367BF48A1D0568FA00F66593 = {
			isa = PBXGroup;
			children = (
				367BF4CE1D05692000F66593 /* Frameworks */,
				367BF4951D0568FA00F66593 /* SampleMusicPlayer */,
				367BF4AA1D0568FA00F66593 /* SampleMusicPlayerTests */,
				367BF4B51D0568FA00F66593 /* SampleMusicPlayerUITests */,
				367BF4941D0568FA00F66593 /* Products */,
			);
			sourceTree = "<group>";
		};
		367BF4941D0568FA00F66593 /* Products */ = {
			isa = PBXGroup;
			children = (
				367BF4931D0568FA00F66593 /* SampleMusicPlayer.app */,
				367BF4A71D0568FA00F66593 /* SampleMusicPlayerTests.xctest */,
				367BF4B21D0568FA00F66593 /* SampleMusicPlayerUITests.xctest */,
			);
			name = Products;
			sourceTree = "<group>";
		};
		367BF4951D0568FA00F66593 /* SampleMusicPlayer */ = {
			isa = PBXGroup;
			children = (
				36378DE91D2B9BC0004AB0B4 /* Libs */,
				366B563E1D06AE3300C3B2B8 /* EZAudio */,
				366B56041D069A0200C3B2B8 /* Resources */,
				367BF4961D0568FA00F66593 /* AppDelegate.swift */,
				367BF4981D0568FA00F66593 /* ViewController.swift */,
				36533D211D140B6A007D3622 /* SampleDotViewController.swift */,
				367BF49A1D0568FA00F66593 /* Main.storyboard */,
				367BF49D1D0568FA00F66593 /* Assets.xcassets */,
				367BF49F1D0568FA00F66593 /* LaunchScreen.storyboard */,
				367BF4A21D0568FA00F66593 /* Info.plist */,
				364120591D129B1200AFBF22 /* Utils */,
				366B56091D06AE2D00C3B2B8 /* SampleMusicPlayer-Bridging-Header.h */,
				366B56411D06C10900C3B2B8 /* Components */,
				364120501D127F0300AFBF22 /* Shaders */,
				36378DC81D2B8941004AB0B4 /* Core */,
			);
			path = SampleMusicPlayer;
			sourceTree = "<group>";
		};
		367BF4AA1D0568FA00F66593 /* SampleMusicPlayerTests */ = {
			isa = PBXGroup;
			children = (
				367BF4AB1D0568FA00F66593 /* SampleMusicPlayerTests.swift */,
				367BF4AD1D0568FA00F66593 /* Info.plist */,
			);
			path = SampleMusicPlayerTests;
			sourceTree = "<group>";
		};
		367BF4B51D0568FA00F66593 /* SampleMusicPlayerUITests */ = {
			isa = PBXGroup;
			children = (
				367BF4B61D0568FA00F66593 /* SampleMusicPlayerUITests.swift */,
				367BF4B81D0568FA00F66593 /* Info.plist */,
			);
			path = SampleMusicPlayerUITests;
			sourceTree = "<group>";
		};
		367BF4CE1D05692000F66593 /* Frameworks */ = {
			isa = PBXGroup;
			children = (
				36378E8C1D2BAF77004AB0B4 /* libz.tbd */,
				36378E8A1D2BAEC1004AB0B4 /* CoreFoundation.framework */,
				36378E791D2BAB3B004AB0B4 /* GLKit.framework */,
				366B56071D06A9BB00C3B2B8 /* AVFoundation.framework */,
				366B56051D06A8B300C3B2B8 /* CoreAudio.framework */,
				367BF4CC1D05691C00F66593 /* Foundation.framework */,
				367BF4CA1D05691700F66593 /* OpenGLES.framework */,
				367BF4C81D05691200F66593 /* CoreGraphics.framework */,
				367BF4C61D05690E00F66593 /* QuartzCore.framework */,
				367BF4C41D05690800F66593 /* UIKit.framework */,
			);
			name = Frameworks;
			sourceTree = "<group>";
		};
/* End PBXGroup section */

/* Begin PBXNativeTarget section */
		367BF4921D0568FA00F66593 /* SampleMusicPlayer */ = {
			isa = PBXNativeTarget;
			buildConfigurationList = 367BF4BB1D0568FA00F66593 /* Build configuration list for PBXNativeTarget "SampleMusicPlayer" */;
			buildPhases = (
				367BF48F1D0568FA00F66593 /* Sources */,
				367BF4901D0568FA00F66593 /* Frameworks */,
				367BF4911D0568FA00F66593 /* Resources */,
			);
			buildRules = (
			);
			dependencies = (
			);
			name = SampleMusicPlayer;
			productName = SampleMusicPlayer;
			productReference = 367BF4931D0568FA00F66593 /* SampleMusicPlayer.app */;
			productType = "com.apple.product-type.application";
		};
		367BF4A61D0568FA00F66593 /* SampleMusicPlayerTests */ = {
			isa = PBXNativeTarget;
			buildConfigurationList = 367BF4BE1D0568FA00F66593 /* Build configuration list for PBXNativeTarget "SampleMusicPlayerTests" */;
			buildPhases = (
				367BF4A31D0568FA00F66593 /* Sources */,
				367BF4A41D0568FA00F66593 /* Frameworks */,
				367BF4A51D0568FA00F66593 /* Resources */,
			);
			buildRules = (
			);
			dependencies = (
				367BF4A91D0568FA00F66593 /* PBXTargetDependency */,
			);
			name = SampleMusicPlayerTests;
			productName = SampleMusicPlayerTests;
			productReference = 367BF4A71D0568FA00F66593 /* SampleMusicPlayerTests.xctest */;
			productType = "com.apple.product-type.bundle.unit-test";
		};
		367BF4B11D0568FA00F66593 /* SampleMusicPlayerUITests */ = {
			isa = PBXNativeTarget;
			buildConfigurationList = 367BF4C11D0568FA00F66593 /* Build configuration list for PBXNativeTarget "SampleMusicPlayerUITests" */;
			buildPhases = (
				367BF4AE1D0568FA00F66593 /* Sources */,
				367BF4AF1D0568FA00F66593 /* Frameworks */,
				367BF4B01D0568FA00F66593 /* Resources */,
			);
			buildRules = (
			);
			dependencies = (
				367BF4B41D0568FA00F66593 /* PBXTargetDependency */,
			);
			name = SampleMusicPlayerUITests;
			productName = SampleMusicPlayerUITests;
			productReference = 367BF4B21D0568FA00F66593 /* SampleMusicPlayerUITests.xctest */;
			productType = "com.apple.product-type.bundle.ui-testing";
		};
/* End PBXNativeTarget section */

/* Begin PBXProject section */
		367BF48B1D0568FA00F66593 /* Project object */ = {
			isa = PBXProject;
			attributes = {
				LastSwiftUpdateCheck = 0730;
				LastUpgradeCheck = 0730;
				ORGANIZATIONNAME = "Than Dang";
				TargetAttributes = {
					367BF4921D0568FA00F66593 = {
						CreatedOnToolsVersion = 7.3.1;
					};
					367BF4A61D0568FA00F66593 = {
						CreatedOnToolsVersion = 7.3.1;
						TestTargetID = 367BF4921D0568FA00F66593;
					};
					367BF4B11D0568FA00F66593 = {
						CreatedOnToolsVersion = 7.3.1;
						TestTargetID = 367BF4921D0568FA00F66593;
					};
				};
			};
			buildConfigurationList = 367BF48E1D0568FA00F66593 /* Build configuration list for PBXProject "SampleMusicPlayer" */;
			compatibilityVersion = "Xcode 3.2";
			developmentRegion = English;
			hasScannedForEncodings = 0;
			knownRegions = (
				en,
				Base,
			);
			mainGroup = 367BF48A1D0568FA00F66593;
			productRefGroup = 367BF4941D0568FA00F66593 /* Products */;
			projectDirPath = "";
			projectRoot = "";
			targets = (
				367BF4921D0568FA00F66593 /* SampleMusicPlayer */,
				367BF4A61D0568FA00F66593 /* SampleMusicPlayerTests */,
				367BF4B11D0568FA00F66593 /* SampleMusicPlayerUITests */,
			);
		};
/* End PBXProject section */

/* Begin PBXResourcesBuildPhase section */
		367BF4911D0568FA00F66593 /* Resources */ = {
			isa = PBXResourcesBuildPhase;
			buildActionMask = 2147483647;
			files = (
				367BF4A11D0568FA00F66593 /* LaunchScreen.storyboard in Resources */,
				3647C69A1E0BC03D0066F2E6 /* block_64.png in Resources */,
				364D2EF81D2E172D0092340E /* Fill.wav in Resources */,
				364D2EF91D2E172D0092340E /* Samba-drum-beat-115-bpm.wav in Resources */,
				3647C6971E0BC03D0066F2E6 /* Block.vsh in Resources */,
				367BF49E1D0568FA00F66593 /* Assets.xcassets in Resources */,
				366B563C1D06AE2D00C3B2B8 /* Info.plist in Resources */,
				367BF49C1D0568FA00F66593 /* Main.storyboard in Resources */,
				3647C6991E0BC03D0066F2E6 /* bar_64.png in Resources */,
				3647C6941E0BC03D0066F2E6 /* Bar.fsh in Resources */,
				364D2EFA1D2E172D0092340E /* winamp.wav in Resources */,
				364D2EF71D2E172D0092340E /* Basic_Beat.wav in Resources */,
				3647C6951E0BC03D0066F2E6 /* Bar.vsh in Resources */,
				3647C6961E0BC03D0066F2E6 /* Block.fsh in Resources */,
				3647C6981E0BC03D0066F2E6 /* bar_32.png in Resources */,
			);
			runOnlyForDeploymentPostprocessing = 0;
		};
		367BF4A51D0568FA00F66593 /* Resources */ = {
			isa = PBXResourcesBuildPhase;
			buildActionMask = 2147483647;
			files = (
			);
			runOnlyForDeploymentPostprocessing = 0;
		};
		367BF4B01D0568FA00F66593 /* Resources */ = {
			isa = PBXResourcesBuildPhase;
			buildActionMask = 2147483647;
			files = (
			);
			runOnlyForDeploymentPostprocessing = 0;
		};
/* End PBXResourcesBuildPhase section */

/* Begin PBXSourcesBuildPhase section */
		367BF48F1D0568FA00F66593 /* Sources */ = {
			isa = PBXSourcesBuildPhase;
			buildActionMask = 2147483647;
			files = (
				362AB0271D3376A5003B7B6F /* pngget.c in Sources */,
				36DC308C1D2CC6DB0054E1DA /* BlockShader.swift in Sources */,
				36DC308D1D2CC6DB0054E1DA /* ShaderProcessor.swift in Sources */,
				362AB0311D3376A5003B7B6F /* pngwrite.c in Sources */,
				361DBFA31D2A6BAD003BE1C8 /* AudioOutput.swift in Sources */,
				362AB0261D3376A5003B7B6F /* pngerror.c in Sources */,
				361DBFA21D2A6BAD003BE1C8 /* AudioFloatConverter.swift in Sources */,
				362AAFFE1D33764C003B7B6F /* block_objects.c in Sources */,
				362AB0001D33764C003B7B6F /* image.c in Sources */,
				362AB0301D3376A5003B7B6F /* pngwio.c in Sources */,
				366B563D1D06AE2D00C3B2B8 /* TPCircularBuffer.c in Sources */,
				362AB0331D3376A5003B7B6F /* pngwutil.c in Sources */,
				362AB0051D33764C003B7B6F /* texture.c in Sources */,
				366B56301D06AE2D00C3B2B8 /* EZAudioFFT.m in Sources */,
				366B56371D06AE2D00C3B2B8 /* EZAudioUtilities.m in Sources */,
				3641205D1D129B5B00AFBF22 /* OpenGLES+Extension.swift in Sources */,
				362AB0251D3376A5003B7B6F /* png.c in Sources */,
				36DC30891D2CC6DB0054E1DA /* BarShader.swift in Sources */,
				366B56381D06AE2D00C3B2B8 /* EZMicrophone.m in Sources */,
				362AB02D1D3376A5003B7B6F /* pngrutil.c in Sources */,
				362AB0281D3376A5003B7B6F /* pngmem.c in Sources */,
				366B563B1D06AE2D00C3B2B8 /* EZRecorder.m in Sources */,
				362AB00E1D337679003B7B6F /* platform_log.c in Sources */,
				362AB0011D33764C003B7B6F /* player.c in Sources */,
				362AB0031D33764C003B7B6F /* shader_processor.c in Sources */,
				362AAFFF1D33764C003B7B6F /* buffer.c in Sources */,
				362AB0321D3376A5003B7B6F /* pngwtran.c in Sources */,
				3692B6D71D155E8200241B5C /* CustomPlotView.swift in Sources */,
				362AB00D1D337679003B7B6F /* platform_file_utils.c in Sources */,
				361DBFA11D2A6BAD003BE1C8 /* AudioFileManager.swift in Sources */,
				366B56401D06BC3500C3B2B8 /* AudioDisplayLink.swift in Sources */,
				362AB0021D33764C003B7B6F /* program.c in Sources */,
				361DBFA41D2A6BAD003BE1C8 /* AudioPlayer.swift in Sources */,
				362AB02B1D3376A5003B7B6F /* pngrio.c in Sources */,
				362AB0291D3376A5003B7B6F /* pngpread.c in Sources */,
				36533D221D140B6A007D3622 /* SampleDotViewController.swift in Sources */,
				362AB0041D33764C003B7B6F /* shader.c in Sources */,
				366B56331D06AE2D00C3B2B8 /* EZAudioFloatData.m in Sources */,
				366B56321D06AE2D00C3B2B8 /* EZAudioFloatConverter.m in Sources */,
				362AB02C1D3376A5003B7B6F /* pngrtran.c in Sources */,
				362AB02F1D3376A5003B7B6F /* pngtrans.c in Sources */,
				362AB02E1D3376A5003B7B6F /* pngset.c in Sources */,
				366B563A1D06AE2D00C3B2B8 /* EZPlot.m in Sources */,
				366B56391D06AE2D00C3B2B8 /* EZOutput.m in Sources */,
				366B56431D06C46300C3B2B8 /* AudioPlotView.swift in Sources */,
				366B56351D06AE2D00C3B2B8 /* EZAudioPlot.m in Sources */,
				366B562D1D06AE2D00C3B2B8 /* EZAudio.m in Sources */,
				366B562F1D06AE2D00C3B2B8 /* EZAudioDisplayLink.m in Sources */,
				367BF4D51D056F1A00F66593 /* Utils.swift in Sources */,
				366B56311D06AE2D00C3B2B8 /* EZAudioFile.m in Sources */,
				362AB02A1D3376A5003B7B6F /* pngread.c in Sources */,
				36378E8F1D2BBFE6004AB0B4 /* platform_asset_utils.m in Sources */,
				367BF4991D0568FA00F66593 /* ViewController.swift in Sources */,
				364120601D12C11D00AFBF22 /* BlockObject.swift in Sources */,
				366B56341D06AE2D00C3B2B8 /* EZAudioPlayer.m in Sources */,
				366B562E1D06AE2D00C3B2B8 /* EZAudioDevice.m in Sources */,
				367BF4971D0568FA00F66593 /* AppDelegate.swift in Sources */,
				366B56361D06AE2D00C3B2B8 /* EZAudioPlotGL.m in Sources */,
			);
			runOnlyForDeploymentPostprocessing = 0;
		};
		367BF4A31D0568FA00F66593 /* Sources */ = {
			isa = PBXSourcesBuildPhase;
			buildActionMask = 2147483647;
			files = (
				367BF4AC1D0568FA00F66593 /* SampleMusicPlayerTests.swift in Sources */,
			);
			runOnlyForDeploymentPostprocessing = 0;
		};
		367BF4AE1D0568FA00F66593 /* Sources */ = {
			isa = PBXSourcesBuildPhase;
			buildActionMask = 2147483647;
			files = (
				367BF4B71D0568FA00F66593 /* SampleMusicPlayerUITests.swift in Sources */,
			);
			runOnlyForDeploymentPostprocessing = 0;
		};
/* End PBXSourcesBuildPhase section */

/* Begin PBXTargetDependency section */
		367BF4A91D0568FA00F66593 /* PBXTargetDependency */ = {
			isa = PBXTargetDependency;
			target = 367BF4921D0568FA00F66593 /* SampleMusicPlayer */;
			targetProxy = 367BF4A81D0568FA00F66593 /* PBXContainerItemProxy */;
		};
		367BF4B41D0568FA00F66593 /* PBXTargetDependency */ = {
			isa = PBXTargetDependency;
			target = 367BF4921D0568FA00F66593 /* SampleMusicPlayer */;
			targetProxy = 367BF4B31D0568FA00F66593 /* PBXContainerItemProxy */;
		};
/* End PBXTargetDependency section */

/* Begin PBXVariantGroup section */
		367BF49A1D0568FA00F66593 /* Main.storyboard */ = {
			isa = PBXVariantGroup;
			children = (
				367BF49B1D0568FA00F66593 /* Base */,
			);
			name = Main.storyboard;
			sourceTree = "<group>";
		};
		367BF49F1D0568FA00F66593 /* LaunchScreen.storyboard */ = {
			isa = PBXVariantGroup;
			children = (
				367BF4A01D0568FA00F66593 /* Base */,
			);
			name = LaunchScreen.storyboard;
			sourceTree = "<group>";
		};
/* End PBXVariantGroup section */

/* Begin XCBuildConfiguration section */
		367BF4B91D0568FA00F66593 /* Debug */ = {
			isa = XCBuildConfiguration;
			buildSettings = {
				ALWAYS_SEARCH_USER_PATHS = NO;
				CLANG_ANALYZER_NONNULL = YES;
				CLANG_CXX_LANGUAGE_STANDARD = "gnu++0x";
				CLANG_CXX_LIBRARY = "libc++";
				CLANG_ENABLE_MODULES = YES;
				CLANG_ENABLE_OBJC_ARC = YES;
				CLANG_WARN_BOOL_CONVERSION = YES;
				CLANG_WARN_CONSTANT_CONVERSION = YES;
				CLANG_WARN_DIRECT_OBJC_ISA_USAGE = YES_ERROR;
				CLANG_WARN_EMPTY_BODY = YES;
				CLANG_WARN_ENUM_CONVERSION = YES;
				CLANG_WARN_INT_CONVERSION = YES;
				CLANG_WARN_OBJC_ROOT_CLASS = YES_ERROR;
				CLANG_WARN_UNREACHABLE_CODE = YES;
				CLANG_WARN__DUPLICATE_METHOD_MATCH = YES;
				"CODE_SIGN_IDENTITY[sdk=iphoneos*]" = "iPhone Developer";
				COPY_PHASE_STRIP = NO;
				DEBUG_INFORMATION_FORMAT = dwarf;
				ENABLE_STRICT_OBJC_MSGSEND = YES;
				ENABLE_TESTABILITY = YES;
				GCC_C_LANGUAGE_STANDARD = gnu99;
				GCC_DYNAMIC_NO_PIC = NO;
				GCC_NO_COMMON_BLOCKS = YES;
				GCC_OPTIMIZATION_LEVEL = 0;
				GCC_PREPROCESSOR_DEFINITIONS = (
					"DEBUG=1",
					"$(inherited)",
				);
				GCC_WARN_64_TO_32_BIT_CONVERSION = YES;
				GCC_WARN_ABOUT_RETURN_TYPE = YES_ERROR;
				GCC_WARN_UNDECLARED_SELECTOR = YES;
				GCC_WARN_UNINITIALIZED_AUTOS = YES_AGGRESSIVE;
				GCC_WARN_UNUSED_FUNCTION = YES;
				GCC_WARN_UNUSED_VARIABLE = YES;
				IPHONEOS_DEPLOYMENT_TARGET = 8.0;
				MTL_ENABLE_DEBUG_INFO = YES;
				ONLY_ACTIVE_ARCH = YES;
				SDKROOT = iphoneos;
				SWIFT_OPTIMIZATION_LEVEL = "-Onone";
				TARGETED_DEVICE_FAMILY = "1,2";
			};
			name = Debug;
		};
		367BF4BA1D0568FA00F66593 /* Release */ = {
			isa = XCBuildConfiguration;
			buildSettings = {
				ALWAYS_SEARCH_USER_PATHS = NO;
				CLANG_ANALYZER_NONNULL = YES;
				CLANG_CXX_LANGUAGE_STANDARD = "gnu++0x";
				CLANG_CXX_LIBRARY = "libc++";
				CLANG_ENABLE_MODULES = YES;
				CLANG_ENABLE_OBJC_ARC = YES;
				CLANG_WARN_BOOL_CONVERSION = YES;
				CLANG_WARN_CONSTANT_CONVERSION = YES;
				CLANG_WARN_DIRECT_OBJC_ISA_USAGE = YES_ERROR;
				CLANG_WARN_EMPTY_BODY = YES;
				CLANG_WARN_ENUM_CONVERSION = YES;
				CLANG_WARN_INT_CONVERSION = YES;
				CLANG_WARN_OBJC_ROOT_CLASS = YES_ERROR;
				CLANG_WARN_UNREACHABLE_CODE = YES;
				CLANG_WARN__DUPLICATE_METHOD_MATCH = YES;
				"CODE_SIGN_IDENTITY[sdk=iphoneos*]" = "iPhone Developer";
				COPY_PHASE_STRIP = NO;
				DEBUG_INFORMATION_FORMAT = "dwarf-with-dsym";
				ENABLE_NS_ASSERTIONS = NO;
				ENABLE_STRICT_OBJC_MSGSEND = YES;
				GCC_C_LANGUAGE_STANDARD = gnu99;
				GCC_NO_COMMON_BLOCKS = YES;
				GCC_WARN_64_TO_32_BIT_CONVERSION = YES;
				GCC_WARN_ABOUT_RETURN_TYPE = YES_ERROR;
				GCC_WARN_UNDECLARED_SELECTOR = YES;
				GCC_WARN_UNINITIALIZED_AUTOS = YES_AGGRESSIVE;
				GCC_WARN_UNUSED_FUNCTION = YES;
				GCC_WARN_UNUSED_VARIABLE = YES;
				IPHONEOS_DEPLOYMENT_TARGET = 8.0;
				MTL_ENABLE_DEBUG_INFO = NO;
				SDKROOT = iphoneos;
				TARGETED_DEVICE_FAMILY = "1,2";
				VALIDATE_PRODUCT = YES;
			};
			name = Release;
		};
		367BF4BC1D0568FA00F66593 /* Debug */ = {
			isa = XCBuildConfiguration;
			buildSettings = {
				ASSETCATALOG_COMPILER_APPICON_NAME = AppIcon;
				ASSETCATALOG_COMPILER_LAUNCHIMAGE_NAME = "Brand Assets";
				CLANG_ENABLE_MODULES = YES;
				HEADER_SEARCH_PATHS = $SRCROOT/libpng;
				INFOPLIST_FILE = SampleMusicPlayer/Info.plist;
				IPHONEOS_DEPLOYMENT_TARGET = 8.0;
				LD_RUNPATH_SEARCH_PATHS = "$(inherited) @executable_path/Frameworks";
				PRODUCT_BUNDLE_IDENTIFIER = com.elinext.SampleMusicPlayer;
				PRODUCT_NAME = "$(TARGET_NAME)";
				SWIFT_OBJC_BRIDGING_HEADER = "SampleMusicPlayer/SampleMusicPlayer-Bridging-Header.h";
				SWIFT_OPTIMIZATION_LEVEL = "-Onone";
				SWIFT_VERSION = 2.3;
			};
			name = Debug;
		};
		367BF4BD1D0568FA00F66593 /* Release */ = {
			isa = XCBuildConfiguration;
			buildSettings = {
				ASSETCATALOG_COMPILER_APPICON_NAME = AppIcon;
				ASSETCATALOG_COMPILER_LAUNCHIMAGE_NAME = "Brand Assets";
				CLANG_ENABLE_MODULES = YES;
				HEADER_SEARCH_PATHS = $SRCROOT/libpng;
				INFOPLIST_FILE = SampleMusicPlayer/Info.plist;
				IPHONEOS_DEPLOYMENT_TARGET = 8.0;
				LD_RUNPATH_SEARCH_PATHS = "$(inherited) @executable_path/Frameworks";
				PRODUCT_BUNDLE_IDENTIFIER = com.elinext.SampleMusicPlayer;
				PRODUCT_NAME = "$(TARGET_NAME)";
				SWIFT_OBJC_BRIDGING_HEADER = "SampleMusicPlayer/SampleMusicPlayer-Bridging-Header.h";
				SWIFT_VERSION = 2.3;
			};
			name = Release;
		};
		367BF4BF1D0568FA00F66593 /* Debug */ = {
			isa = XCBuildConfiguration;
			buildSettings = {
				BUNDLE_LOADER = "$(TEST_HOST)";
				INFOPLIST_FILE = SampleMusicPlayerTests/Info.plist;
				LD_RUNPATH_SEARCH_PATHS = "$(inherited) @executable_path/Frameworks @loader_path/Frameworks";
				PRODUCT_BUNDLE_IDENTIFIER = com.elinext.SampleMusicPlayerTests;
				PRODUCT_NAME = "$(TARGET_NAME)";
				TEST_HOST = "$(BUILT_PRODUCTS_DIR)/SampleMusicPlayer.app/SampleMusicPlayer";
			};
			name = Debug;
		};
		367BF4C01D0568FA00F66593 /* Release */ = {
			isa = XCBuildConfiguration;
			buildSettings = {
				BUNDLE_LOADER = "$(TEST_HOST)";
				INFOPLIST_FILE = SampleMusicPlayerTests/Info.plist;
				LD_RUNPATH_SEARCH_PATHS = "$(inherited) @executable_path/Frameworks @loader_path/Frameworks";
				PRODUCT_BUNDLE_IDENTIFIER = com.elinext.SampleMusicPlayerTests;
				PRODUCT_NAME = "$(TARGET_NAME)";
				TEST_HOST = "$(BUILT_PRODUCTS_DIR)/SampleMusicPlayer.app/SampleMusicPlayer";
			};
			name = Release;
		};
		367BF4C21D0568FA00F66593 /* Debug */ = {
			isa = XCBuildConfiguration;
			buildSettings = {
				INFOPLIST_FILE = SampleMusicPlayerUITests/Info.plist;
				LD_RUNPATH_SEARCH_PATHS = "$(inherited) @executable_path/Frameworks @loader_path/Frameworks";
				PRODUCT_BUNDLE_IDENTIFIER = com.elinext.SampleMusicPlayerUITests;
				PRODUCT_NAME = "$(TARGET_NAME)";
				TEST_TARGET_NAME = SampleMusicPlayer;
			};
			name = Debug;
		};
		367BF4C31D0568FA00F66593 /* Release */ = {
			isa = XCBuildConfiguration;
			buildSettings = {
				INFOPLIST_FILE = SampleMusicPlayerUITests/Info.plist;
				LD_RUNPATH_SEARCH_PATHS = "$(inherited) @executable_path/Frameworks @loader_path/Frameworks";
				PRODUCT_BUNDLE_IDENTIFIER = com.elinext.SampleMusicPlayerUITests;
				PRODUCT_NAME = "$(TARGET_NAME)";
				TEST_TARGET_NAME = SampleMusicPlayer;
			};
			name = Release;
		};
/* End XCBuildConfiguration section */

/* Begin XCConfigurationList section */
		367BF48E1D0568FA00F66593 /* Build configuration list for PBXProject "SampleMusicPlayer" */ = {
			isa = XCConfigurationList;
			buildConfigurations = (
				367BF4B91D0568FA00F66593 /* Debug */,
				367BF4BA1D0568FA00F66593 /* Release */,
			);
			defaultConfigurationIsVisible = 0;
			defaultConfigurationName = Release;
		};
		367BF4BB1D0568FA00F66593 /* Build configuration list for PBXNativeTarget "SampleMusicPlayer" */ = {
			isa = XCConfigurationList;
			buildConfigurations = (
				367BF4BC1D0568FA00F66593 /* Debug */,
				367BF4BD1D0568FA00F66593 /* Release */,
			);
			defaultConfigurationIsVisible = 0;
			defaultConfigurationName = Release;
		};
		367BF4BE1D0568FA00F66593 /* Build configuration list for PBXNativeTarget "SampleMusicPlayerTests" */ = {
			isa = XCConfigurationList;
			buildConfigurations = (
				367BF4BF1D0568FA00F66593 /* Debug */,
				367BF4C01D0568FA00F66593 /* Release */,
			);
			defaultConfigurationIsVisible = 0;
			defaultConfigurationName = Release;
		};
		367BF4C11D0568FA00F66593 /* Build configuration list for PBXNativeTarget "SampleMusicPlayerUITests" */ = {
			isa = XCConfigurationList;
			buildConfigurations = (
				367BF4C21D0568FA00F66593 /* Debug */,
				367BF4C31D0568FA00F66593 /* Release */,
			);
			defaultConfigurationIsVisible = 0;
			defaultConfigurationName = Release;
		};
/* End XCConfigurationList section */
	};
	rootObject = 367BF48B1D0568FA00F66593 /* Project object */;
}
